// !$*UTF8*$!
{
	archiveVersion = 1;
	classes = {
	};
	objectVersion = 46;
	objects = {

/* Begin PBXBuildFile section */
		7A7538E81D4958970049C506 /* AppDelegate.swift in Sources */ = {isa = PBXBuildFile; fileRef = 7A7538E71D4958970049C506 /* AppDelegate.swift */; };
		7A7538EB1D4958DF0049C506 /* MainMenu.xib in Resources */ = {isa = PBXBuildFile; fileRef = 7A7538E91D4958DF0049C506 /* MainMenu.xib */; };
		7AD575401D4784300010AA4C /* Assets.xcassets in Resources */ = {isa = PBXBuildFile; fileRef = 7AD5753C1D4784300010AA4C /* Assets.xcassets */; };
		7AD575421D4784300010AA4C /* Info.plist in Resources */ = {isa = PBXBuildFile; fileRef = 7AD5753F1D4784300010AA4C /* Info.plist */; };
/* End PBXBuildFile section */

/* Begin PBXFileReference section */
		7A2484941D46D83C00C61397 /* Asset Pipeline.app */ = {isa = PBXFileReference; explicitFileType = wrapper.application; includeInIndex = 0; path = "Asset Pipeline.app"; sourceTree = BUILT_PRODUCTS_DIR; };
		7A7538E71D4958970049C506 /* AppDelegate.swift */ = {isa = PBXFileReference; fileEncoding = 4; lastKnownFileType = sourcecode.swift; path = AppDelegate.swift; sourceTree = "<group>"; };
		7A7538EA1D4958DF0049C506 /* Base */ = {isa = PBXFileReference; lastKnownFileType = file.xib; name = Base; path = Base.lproj/MainMenu.xib; sourceTree = "<group>"; };
		7AD5753C1D4784300010AA4C /* Assets.xcassets */ = {isa = PBXFileReference; lastKnownFileType = folder.assetcatalog; path = Assets.xcassets; sourceTree = "<group>"; };
		7AD5753F1D4784300010AA4C /* Info.plist */ = {isa = PBXFileReference; fileEncoding = 4; lastKnownFileType = text.plist.xml; path = Info.plist; sourceTree = "<group>"; };
/* End PBXFileReference section */

/* Begin PBXFrameworksBuildPhase section */
		7A2484911D46D83C00C61397 /* Frameworks */ = {
			isa = PBXFrameworksBuildPhase;
			buildActionMask = 2147483647;
			files = (
			);
			runOnlyForDeploymentPostprocessing = 0;
		};
/* End PBXFrameworksBuildPhase section */

/* Begin PBXGroup section */
		7A24848B1D46D83C00C61397 = {
			isa = PBXGroup;
			children = (
				7AD575381D4784300010AA4C /* Mac */,
				7A7538E51D4958970049C506 /* Source */,
				7A2484951D46D83C00C61397 /* Products */,
			);
			sourceTree = "<group>";
		};
		7A2484951D46D83C00C61397 /* Products */ = {
			isa = PBXGroup;
			children = (
				7A2484941D46D83C00C61397 /* Asset Pipeline.app */,
			);
			name = Products;
			sourceTree = "<group>";
		};
		7A7538E51D4958970049C506 /* Source */ = {
			isa = PBXGroup;
			children = (
				7A7538E61D4958970049C506 /* Mac */,
			);
			name = Source;
			path = ../Source;
			sourceTree = "<group>";
		};
		7A7538E61D4958970049C506 /* Mac */ = {
			isa = PBXGroup;
			children = (
				7A7538E71D4958970049C506 /* AppDelegate.swift */,
			);
			path = Mac;
			sourceTree = "<group>";
		};
		7AD575381D4784300010AA4C /* Mac */ = {
			isa = PBXGroup;
			children = (
				7AD5753C1D4784300010AA4C /* Assets.xcassets */,
				7AD5753F1D4784300010AA4C /* Info.plist */,
				7A7538E91D4958DF0049C506 /* MainMenu.xib */,
			);
			name = Mac;
			sourceTree = "<group>";
		};
/* End PBXGroup section */

/* Begin PBXNativeTarget section */
		7A2484931D46D83C00C61397 /* Asset Pipeline */ = {
			isa = PBXNativeTarget;
			buildConfigurationList = 7A2484A11D46D83C00C61397 /* Build configuration list for PBXNativeTarget "Asset Pipeline" */;
			buildPhases = (
				7A2484901D46D83C00C61397 /* Sources */,
				7A2484911D46D83C00C61397 /* Frameworks */,
				7A2484921D46D83C00C61397 /* Resources */,
			);
			buildRules = (
			);
			dependencies = (
			);
			name = "Asset Pipeline";
			productName = "Asset Pipeline";
			productReference = 7A2484941D46D83C00C61397 /* Asset Pipeline.app */;
			productType = "com.apple.product-type.application";
		};
/* End PBXNativeTarget section */

/* Begin PBXProject section */
		7A24848C1D46D83C00C61397 /* Project object */ = {
			isa = PBXProject;
			attributes = {
				LastSwiftUpdateCheck = 0730;
				LastUpgradeCheck = 0730;
				ORGANIZATIONNAME = "William Irwin-Harris";
				TargetAttributes = {
					7A2484931D46D83C00C61397 = {
						CreatedOnToolsVersion = 7.3.1;
					};
				};
			};
			buildConfigurationList = 7A24848F1D46D83C00C61397 /* Build configuration list for PBXProject "Asset Pipeline" */;
			compatibilityVersion = "Xcode 3.2";
			developmentRegion = English;
			hasScannedForEncodings = 0;
			knownRegions = (
				en,
				Base,
			);
			mainGroup = 7A24848B1D46D83C00C61397;
			productRefGroup = 7A2484951D46D83C00C61397 /* Products */;
			projectDirPath = "";
			projectRoot = "";
			targets = (
				7A2484931D46D83C00C61397 /* Asset Pipeline */,
			);
		};
/* End PBXProject section */

/* Begin PBXResourcesBuildPhase section */
		7A2484921D46D83C00C61397 /* Resources */ = {
			isa = PBXResourcesBuildPhase;
			buildActionMask = 2147483647;
			files = (
				7AD575401D4784300010AA4C /* Assets.xcassets in Resources */,
				7AD575421D4784300010AA4C /* Info.plist in Resources */,
				7A7538EB1D4958DF0049C506 /* MainMenu.xib in Resources */,
			);
			runOnlyForDeploymentPostprocessing = 0;
		};
/* End PBXResourcesBuildPhase section */

/* Begin PBXSourcesBuildPhase section */
		7A2484901D46D83C00C61397 /* Sources */ = {
			isa = PBXSourcesBuildPhase;
			buildActionMask = 2147483647;
			files = (
				7A7538E81D4958970049C506 /* AppDelegate.swift in Sources */,
			);
			runOnlyForDeploymentPostprocessing = 0;
		};
/* End PBXSourcesBuildPhase section */

/* Begin PBXVariantGroup section */
		7A7538E91D4958DF0049C506 /* MainMenu.xib */ = {
			isa = PBXVariantGroup;
			children = (
				7A7538EA1D4958DF0049C506 /* Base */,
			);
			name = MainMenu.xib;
			sourceTree = "<group>";
		};
/* End PBXVariantGroup section */

/* Begin XCBuildConfiguration section */
		7A24849F1D46D83C00C61397 /* Debug */ = {
			isa = XCBuildConfiguration;
			buildSettings = {
				ALWAYS_SEARCH_USER_PATHS = NO;
				CLANG_ANALYZER_NONNULL = YES;
				CLANG_CXX_LANGUAGE_STANDARD = "gnu++0x";
				CLANG_CXX_LIBRARY = "libc++";
				CLANG_ENABLE_MODULES = YES;
				CLANG_ENABLE_OBJC_ARC = YES;
				CLANG_WARN_BOOL_CONVERSION = YES;
				CLANG_WARN_CONSTANT_CONVERSION = YES;
				CLANG_WARN_DIRECT_OBJC_ISA_USAGE = YES_ERROR;
				CLANG_WARN_EMPTY_BODY = YES;
				CLANG_WARN_ENUM_CONVERSION = YES;
				CLANG_WARN_INT_CONVERSION = YES;
				CLANG_WARN_OBJC_ROOT_CLASS = YES_ERROR;
				CLANG_WARN_UNREACHABLE_CODE = YES;
				CLANG_WARN__DUPLICATE_METHOD_MATCH = YES;
				CODE_SIGN_IDENTITY = "-";
				COPY_PHASE_STRIP = NO;
				DEBUG_INFORMATION_FORMAT = dwarf;
				ENABLE_STRICT_OBJC_MSGSEND = YES;
				ENABLE_TESTABILITY = YES;
				GCC_C_LANGUAGE_STANDARD = gnu99;
				GCC_DYNAMIC_NO_PIC = NO;
				GCC_NO_COMMON_BLOCKS = YES;
				GCC_OPTIMIZATION_LEVEL = 0;
				GCC_PREPROCESSOR_DEFINITIONS = (
					"DEBUG=1",
					"$(inherited)",
				);
				GCC_WARN_64_TO_32_BIT_CONVERSION = YES;
				GCC_WARN_ABOUT_RETURN_TYPE = YES_ERROR;
				GCC_WARN_UNDECLARED_SELECTOR = YES;
				GCC_WARN_UNINITIALIZED_AUTOS = YES_AGGRESSIVE;
				GCC_WARN_UNUSED_FUNCTION = YES;
				GCC_WARN_UNUSED_VARIABLE = YES;
				MACOSX_DEPLOYMENT_TARGET = 10.11;
				MTL_ENABLE_DEBUG_INFO = YES;
				ONLY_ACTIVE_ARCH = YES;
				SDKROOT = macosx;
				SWIFT_OPTIMIZATION_LEVEL = "-Onone";
			};
			name = Debug;
		};
		7A2484A01D46D83C00C61397 /* Release */ = {
			isa = XCBuildConfiguration;
			buildSettings = {
				ALWAYS_SEARCH_USER_PATHS = NO;
				CLANG_ANALYZER_NONNULL = YES;
				CLANG_CXX_LANGUAGE_STANDARD = "gnu++0x";
				CLANG_CXX_LIBRARY = "libc++";
				CLANG_ENABLE_MODULES = YES;
				CLANG_ENABLE_OBJC_ARC = YES;
				CLANG_WARN_BOOL_CONVERSION = YES;
				CLANG_WARN_CONSTANT_CONVERSION = YES;
				CLANG_WARN_DIRECT_OBJC_ISA_USAGE = YES_ERROR;
				CLANG_WARN_EMPTY_BODY = YES;
				CLANG_WARN_ENUM_CONVERSION = YES;
				CLANG_WARN_INT_CONVERSION = YES;
				CLANG_WARN_OBJC_ROOT_CLASS = YES_ERROR;
				CLANG_WARN_UNREACHABLE_CODE = YES;
				CLANG_WARN__DUPLICATE_METHOD_MATCH = YES;
				CODE_SIGN_IDENTITY = "-";
				COPY_PHASE_STRIP = NO;
				DEBUG_INFORMATION_FORMAT = "dwarf-with-dsym";
				ENABLE_NS_ASSERTIONS = NO;
				ENABLE_STRICT_OBJC_MSGSEND = YES;
				GCC_C_LANGUAGE_STANDARD = gnu99;
				GCC_NO_COMMON_BLOCKS = YES;
				GCC_WARN_64_TO_32_BIT_CONVERSION = YES;
				GCC_WARN_ABOUT_RETURN_TYPE = YES_ERROR;
				GCC_WARN_UNDECLARED_SELECTOR = YES;
				GCC_WARN_UNINITIALIZED_AUTOS = YES_AGGRESSIVE;
				GCC_WARN_UNUSED_FUNCTION = YES;
				GCC_WARN_UNUSED_VARIABLE = YES;
				MACOSX_DEPLOYMENT_TARGET = 10.11;
				MTL_ENABLE_DEBUG_INFO = NO;
				SDKROOT = macosx;
			};
			name = Release;
		};
		7A2484A21D46D83C00C61397 /* Debug */ = {
			isa = XCBuildConfiguration;
			buildSettings = {
				ASSETCATALOG_COMPILER_APPICON_NAME = AppIcon;
				COMBINE_HIDPI_IMAGES = YES;
				INFOPLIST_FILE = Info.plist;
				LD_RUNPATH_SEARCH_PATHS = "$(inherited) @executable_path/../Frameworks";
				PRODUCT_BUNDLE_IDENTIFIER = "mycompany.Asset-Pipeline";
				PRODUCT_NAME = "$(TARGET_NAME)";
			};
			name = Debug;
		};
		7A2484A31D46D83C00C61397 /* Release */ = {
			isa = XCBuildConfiguration;
			buildSettings = {
				ASSETCATALOG_COMPILER_APPICON_NAME = AppIcon;
				COMBINE_HIDPI_IMAGES = YES;
				INFOPLIST_FILE = Info.plist;
				LD_RUNPATH_SEARCH_PATHS = "$(inherited) @executable_path/../Frameworks";
				PRODUCT_BUNDLE_IDENTIFIER = "mycompany.Asset-Pipeline";
				PRODUCT_NAME = "$(TARGET_NAME)";
			};
			name = Release;
		};
/* End XCBuildConfiguration section */

/* Begin XCConfigurationList section */
		7A24848F1D46D83C00C61397 /* Build configuration list for PBXProject "Asset Pipeline" */ = {
			isa = XCConfigurationList;
			buildConfigurations = (
				7A24849F1D46D83C00C61397 /* Debug */,
				7A2484A01D46D83C00C61397 /* Release */,
			);
			defaultConfigurationIsVisible = 0;
			defaultConfigurationName = Release;
		};
		7A2484A11D46D83C00C61397 /* Build configuration list for PBXNativeTarget "Asset Pipeline" */ = {
			isa = XCConfigurationList;
			buildConfigurations = (
				7A2484A21D46D83C00C61397 /* Debug */,
				7A2484A31D46D83C00C61397 /* Release */,
			);
			defaultConfigurationIsVisible = 0;
			defaultConfigurationName = Release;
		};
/* End XCConfigurationList section */
	};
	rootObject = 7A24848C1D46D83C00C61397 /* Project object */;
}
