// !$*UTF8*$!
{
	archiveVersion = 1;
	classes = {
	};
	objectVersion = 46;
	objects = {

/* Begin PBXBuildFile section */
		7A4DFE961D6BE44700E858FE /* Assets.xcassets in Resources */ = {isa = PBXBuildFile; fileRef = 7A4DFE921D6BE44700E858FE /* Assets.xcassets */; };
		7A4DFE971D6BE44700E858FE /* MainMenu.xib in Resources */ = {isa = PBXBuildFile; fileRef = 7A4DFE931D6BE44700E858FE /* MainMenu.xib */; };
		7A4DFE9E1D6BE44E00E858FE /* Assets.xcassets in Resources */ = {isa = PBXBuildFile; fileRef = 7A4DFE9A1D6BE44E00E858FE /* Assets.xcassets */; };
		7A4DFE9F1D6BE44E00E858FE /* MainMenu.xib in Resources */ = {isa = PBXBuildFile; fileRef = 7A4DFE9B1D6BE44E00E858FE /* MainMenu.xib */; };
		7A4DFEA41D6BE46800E858FE /* HelperAppDelegate.swift in Sources */ = {isa = PBXBuildFile; fileRef = 7A4DFEA21D6BE46800E858FE /* HelperAppDelegate.swift */; };
		7A4DFEA51D6BE46800E858FE /* ProjectsWindowController.swift in Sources */ = {isa = PBXBuildFile; fileRef = 7A4DFEA31D6BE46800E858FE /* ProjectsWindowController.swift */; };
		7A4DFEA81D6BE46F00E858FE /* AppDelegate.swift in Sources */ = {isa = PBXBuildFile; fileRef = 7A4DFEA71D6BE46F00E858FE /* AppDelegate.swift */; };
		7A4DFEAD1D6BE48000E858FE /* IPCActions.swift in Sources */ = {isa = PBXBuildFile; fileRef = 7A4DFEA91D6BE48000E858FE /* IPCActions.swift */; };
		7A4DFEAE1D6BE48000E858FE /* IPCActions.swift in Sources */ = {isa = PBXBuildFile; fileRef = 7A4DFEA91D6BE48000E858FE /* IPCActions.swift */; };
		7A4DFEAF1D6BE48000E858FE /* IPCConnection.mm in Sources */ = {isa = PBXBuildFile; fileRef = 7A4DFEAB1D6BE48000E858FE /* IPCConnection.mm */; };
		7A4DFEB01D6BE48000E858FE /* IPCConnection.mm in Sources */ = {isa = PBXBuildFile; fileRef = 7A4DFEAB1D6BE48000E858FE /* IPCConnection.mm */; };
		7A4DFEB11D6BE51900E858FE /* Asset Pipeline Helper.app in Resources */ = {isa = PBXBuildFile; fileRef = 7A4DFE801D6BE40A00E858FE /* Asset Pipeline Helper.app */; };
		7A4DFEB41D6BE53E00E858FE /* AssetPipelineWrapper.mm in Sources */ = {isa = PBXBuildFile; fileRef = 7AB6B5951D5499470090ED33 /* AssetPipelineWrapper.mm */; };
		7A4DFEB51D6BE54C00E858FE /* lapi.c in Sources */ = {isa = PBXBuildFile; fileRef = 7AB6B52E1D5496200090ED33 /* lapi.c */; };
		7A4DFEB61D6BE54E00E858FE /* lauxlib.c in Sources */ = {isa = PBXBuildFile; fileRef = 7AB6B5301D5496200090ED33 /* lauxlib.c */; };
		7A4DFEB71D6BE55200E858FE /* lbaselib.c in Sources */ = {isa = PBXBuildFile; fileRef = 7AB6B5321D5496200090ED33 /* lbaselib.c */; };
		7A4DFEB81D6BE55500E858FE /* lcode.c in Sources */ = {isa = PBXBuildFile; fileRef = 7AB6B5331D5496200090ED33 /* lcode.c */; };
		7A4DFEB91D6BE55900E858FE /* ldblib.c in Sources */ = {isa = PBXBuildFile; fileRef = 7AB6B5351D5496200090ED33 /* ldblib.c */; };
		7A4DFEBA1D6BE55B00E858FE /* ldebug.c in Sources */ = {isa = PBXBuildFile; fileRef = 7AB6B5361D5496200090ED33 /* ldebug.c */; };
		7A4DFEBB1D6BE55E00E858FE /* ldo.c in Sources */ = {isa = PBXBuildFile; fileRef = 7AB6B5381D5496200090ED33 /* ldo.c */; };
		7A4DFEBC1D6BE56100E858FE /* ldump.c in Sources */ = {isa = PBXBuildFile; fileRef = 7AB6B53A1D5496200090ED33 /* ldump.c */; };
		7A4DFEBD1D6BE56300E858FE /* lfunc.c in Sources */ = {isa = PBXBuildFile; fileRef = 7AB6B53B1D5496200090ED33 /* lfunc.c */; };
		7A4DFEBE1D6BE56500E858FE /* lgc.c in Sources */ = {isa = PBXBuildFile; fileRef = 7AB6B53D1D5496200090ED33 /* lgc.c */; };
		7A4DFEBF1D6BE56800E858FE /* linit.c in Sources */ = {isa = PBXBuildFile; fileRef = 7AB6B53F1D5496200090ED33 /* linit.c */; };
		7A4DFEC01D6BE56B00E858FE /* liolib.c in Sources */ = {isa = PBXBuildFile; fileRef = 7AB6B5401D5496200090ED33 /* liolib.c */; };
		7A4DFEC11D6BE56F00E858FE /* llex.c in Sources */ = {isa = PBXBuildFile; fileRef = 7AB6B5411D5496200090ED33 /* llex.c */; };
		7A4DFEC21D6BE57200E858FE /* lmathlib.c in Sources */ = {isa = PBXBuildFile; fileRef = 7AB6B5441D5496200090ED33 /* lmathlib.c */; };
		7A4DFEC31D6BE57400E858FE /* lmem.c in Sources */ = {isa = PBXBuildFile; fileRef = 7AB6B5451D5496200090ED33 /* lmem.c */; };
		7A4DFEC41D6BE57700E858FE /* loadlib.c in Sources */ = {isa = PBXBuildFile; fileRef = 7AB6B5471D5496200090ED33 /* loadlib.c */; };
		7A4DFEC51D6BE57A00E858FE /* lobject.c in Sources */ = {isa = PBXBuildFile; fileRef = 7AB6B5481D5496200090ED33 /* lobject.c */; };
		7A4DFEC61D6BE57D00E858FE /* lopcodes.c in Sources */ = {isa = PBXBuildFile; fileRef = 7AB6B54A1D5496200090ED33 /* lopcodes.c */; };
		7A4DFEC71D6BE58000E858FE /* loslib.c in Sources */ = {isa = PBXBuildFile; fileRef = 7AB6B54C1D5496200090ED33 /* loslib.c */; };
		7A4DFEC81D6BE58800E858FE /* lparser.c in Sources */ = {isa = PBXBuildFile; fileRef = 7AB6B54D1D5496200090ED33 /* lparser.c */; };
		7A4DFEC91D6BE58B00E858FE /* lstate.c in Sources */ = {isa = PBXBuildFile; fileRef = 7AB6B54F1D5496200090ED33 /* lstate.c */; };
		7A4DFECA1D6BE58D00E858FE /* lstring.c in Sources */ = {isa = PBXBuildFile; fileRef = 7AB6B5511D5496200090ED33 /* lstring.c */; };
		7A4DFECB1D6BE58F00E858FE /* lstrlib.c in Sources */ = {isa = PBXBuildFile; fileRef = 7AB6B5531D5496200090ED33 /* lstrlib.c */; };
		7A4DFECC1D6BE59200E858FE /* ltable.c in Sources */ = {isa = PBXBuildFile; fileRef = 7AB6B5541D5496200090ED33 /* ltable.c */; };
		7A4DFECD1D6BE59500E858FE /* ltablib.c in Sources */ = {isa = PBXBuildFile; fileRef = 7AB6B5561D5496200090ED33 /* ltablib.c */; };
		7A4DFECE1D6BE59700E858FE /* ltm.c in Sources */ = {isa = PBXBuildFile; fileRef = 7AB6B5571D5496200090ED33 /* ltm.c */; };
		7A4DFECF1D6BE59B00E858FE /* lvm.c in Sources */ = {isa = PBXBuildFile; fileRef = 7AB6B5601D5496200090ED33 /* lvm.c */; };
		7A4DFED01D6BE59D00E858FE /* lzio.c in Sources */ = {isa = PBXBuildFile; fileRef = 7AB6B5621D5496200090ED33 /* lzio.c */; };
		7A4DFED11D6BE59F00E858FE /* print.c in Sources */ = {isa = PBXBuildFile; fileRef = 7AB6B5641D5496200090ED33 /* print.c */; };
		7A4DFED21D6BE5AA00E858FE /* sqlite3.c in Sources */ = {isa = PBXBuildFile; fileRef = 7AF92DFB1D60267E003D54D4 /* sqlite3.c */; };
		7A4DFED31D6BE5AD00E858FE /* AssetPipeline.cpp in Sources */ = {isa = PBXBuildFile; fileRef = 7AB6B5911D5496F40090ED33 /* AssetPipeline.cpp */; };
		7A4DFED41D6BE5CC00E858FE /* lundump.c in Sources */ = {isa = PBXBuildFile; fileRef = 7AB6B55E1D5496200090ED33 /* lundump.c */; };
		7A623C151D7005DC0053B7EA /* Process_posix.cpp in Sources */ = {isa = PBXBuildFile; fileRef = 7A623C131D7005DC0053B7EA /* Process_posix.cpp */; };
		7A623C161D7005DC0053B7EA /* Process_posix.cpp in Sources */ = {isa = PBXBuildFile; fileRef = 7A623C131D7005DC0053B7EA /* Process_posix.cpp */; };
		7A65F5211D6C35CA00A680CA /* Debug_Mac.mm in Sources */ = {isa = PBXBuildFile; fileRef = 7A65F51F1D6C35CA00A680CA /* Debug_Mac.mm */; };
		7A65F5221D6C35CA00A680CA /* Debug_Mac.mm in Sources */ = {isa = PBXBuildFile; fileRef = 7A65F51F1D6C35CA00A680CA /* Debug_Mac.mm */; };
		7A65F5271D6C35D400A680CA /* AssetPipelineOsFuncs_Mac.mm in Sources */ = {isa = PBXBuildFile; fileRef = 7A65F5231D6C35D400A680CA /* AssetPipelineOsFuncs_Mac.mm */; };
		7A65F5281D6C35D400A680CA /* AssetPipelineOsFuncs_Mac.mm in Sources */ = {isa = PBXBuildFile; fileRef = 7A65F5231D6C35D400A680CA /* AssetPipelineOsFuncs_Mac.mm */; };
		7A65F5291D6C35D400A680CA /* ProjectDBConn.cpp in Sources */ = {isa = PBXBuildFile; fileRef = 7A65F5251D6C35D400A680CA /* ProjectDBConn.cpp */; };
		7A65F52A1D6C35D400A680CA /* ProjectDBConn.cpp in Sources */ = {isa = PBXBuildFile; fileRef = 7A65F5251D6C35D400A680CA /* ProjectDBConn.cpp */; };
		7A65F52D1D6C35E800A680CA /* ProjectDBConnWrapper.mm in Sources */ = {isa = PBXBuildFile; fileRef = 7A65F52C1D6C35E800A680CA /* ProjectDBConnWrapper.mm */; };
		7A65F52E1D6C35E800A680CA /* ProjectDBConnWrapper.mm in Sources */ = {isa = PBXBuildFile; fileRef = 7A65F52C1D6C35E800A680CA /* ProjectDBConnWrapper.mm */; };
		7A8D8A651D6D154A00886730 /* buildsystem.lua in Resources */ = {isa = PBXBuildFile; fileRef = 7A8D8A631D6D153800886730 /* buildsystem.lua */; };
		7A8D8A661D6D154A00886730 /* list.lua in Resources */ = {isa = PBXBuildFile; fileRef = 7A8D8A641D6D153800886730 /* list.lua */; };
		7AB6B5691D5496200090ED33 /* lapi.c in Sources */ = {isa = PBXBuildFile; fileRef = 7AB6B52E1D5496200090ED33 /* lapi.c */; };
		7AB6B56A1D5496200090ED33 /* lauxlib.c in Sources */ = {isa = PBXBuildFile; fileRef = 7AB6B5301D5496200090ED33 /* lauxlib.c */; };
		7AB6B56B1D5496200090ED33 /* lbaselib.c in Sources */ = {isa = PBXBuildFile; fileRef = 7AB6B5321D5496200090ED33 /* lbaselib.c */; };
		7AB6B56C1D5496200090ED33 /* lcode.c in Sources */ = {isa = PBXBuildFile; fileRef = 7AB6B5331D5496200090ED33 /* lcode.c */; };
		7AB6B56D1D5496200090ED33 /* ldblib.c in Sources */ = {isa = PBXBuildFile; fileRef = 7AB6B5351D5496200090ED33 /* ldblib.c */; };
		7AB6B56E1D5496200090ED33 /* ldebug.c in Sources */ = {isa = PBXBuildFile; fileRef = 7AB6B5361D5496200090ED33 /* ldebug.c */; };
		7AB6B56F1D5496200090ED33 /* ldo.c in Sources */ = {isa = PBXBuildFile; fileRef = 7AB6B5381D5496200090ED33 /* ldo.c */; };
		7AB6B5701D5496200090ED33 /* ldump.c in Sources */ = {isa = PBXBuildFile; fileRef = 7AB6B53A1D5496200090ED33 /* ldump.c */; };
		7AB6B5711D5496200090ED33 /* lfunc.c in Sources */ = {isa = PBXBuildFile; fileRef = 7AB6B53B1D5496200090ED33 /* lfunc.c */; };
		7AB6B5721D5496200090ED33 /* lgc.c in Sources */ = {isa = PBXBuildFile; fileRef = 7AB6B53D1D5496200090ED33 /* lgc.c */; };
		7AB6B5731D5496200090ED33 /* linit.c in Sources */ = {isa = PBXBuildFile; fileRef = 7AB6B53F1D5496200090ED33 /* linit.c */; };
		7AB6B5741D5496200090ED33 /* liolib.c in Sources */ = {isa = PBXBuildFile; fileRef = 7AB6B5401D5496200090ED33 /* liolib.c */; };
		7AB6B5751D5496200090ED33 /* llex.c in Sources */ = {isa = PBXBuildFile; fileRef = 7AB6B5411D5496200090ED33 /* llex.c */; };
		7AB6B5761D5496200090ED33 /* lmathlib.c in Sources */ = {isa = PBXBuildFile; fileRef = 7AB6B5441D5496200090ED33 /* lmathlib.c */; };
		7AB6B5771D5496200090ED33 /* lmem.c in Sources */ = {isa = PBXBuildFile; fileRef = 7AB6B5451D5496200090ED33 /* lmem.c */; };
		7AB6B5781D5496200090ED33 /* loadlib.c in Sources */ = {isa = PBXBuildFile; fileRef = 7AB6B5471D5496200090ED33 /* loadlib.c */; };
		7AB6B5791D5496200090ED33 /* lobject.c in Sources */ = {isa = PBXBuildFile; fileRef = 7AB6B5481D5496200090ED33 /* lobject.c */; };
		7AB6B57A1D5496200090ED33 /* lopcodes.c in Sources */ = {isa = PBXBuildFile; fileRef = 7AB6B54A1D5496200090ED33 /* lopcodes.c */; };
		7AB6B57B1D5496200090ED33 /* loslib.c in Sources */ = {isa = PBXBuildFile; fileRef = 7AB6B54C1D5496200090ED33 /* loslib.c */; };
		7AB6B57C1D5496200090ED33 /* lparser.c in Sources */ = {isa = PBXBuildFile; fileRef = 7AB6B54D1D5496200090ED33 /* lparser.c */; };
		7AB6B57D1D5496200090ED33 /* lstate.c in Sources */ = {isa = PBXBuildFile; fileRef = 7AB6B54F1D5496200090ED33 /* lstate.c */; };
		7AB6B57E1D5496200090ED33 /* lstring.c in Sources */ = {isa = PBXBuildFile; fileRef = 7AB6B5511D5496200090ED33 /* lstring.c */; };
		7AB6B57F1D5496200090ED33 /* lstrlib.c in Sources */ = {isa = PBXBuildFile; fileRef = 7AB6B5531D5496200090ED33 /* lstrlib.c */; };
		7AB6B5801D5496200090ED33 /* ltable.c in Sources */ = {isa = PBXBuildFile; fileRef = 7AB6B5541D5496200090ED33 /* ltable.c */; };
		7AB6B5811D5496200090ED33 /* ltablib.c in Sources */ = {isa = PBXBuildFile; fileRef = 7AB6B5561D5496200090ED33 /* ltablib.c */; };
		7AB6B5821D5496200090ED33 /* ltm.c in Sources */ = {isa = PBXBuildFile; fileRef = 7AB6B5571D5496200090ED33 /* ltm.c */; };
		7AB6B5851D5496200090ED33 /* lundump.c in Sources */ = {isa = PBXBuildFile; fileRef = 7AB6B55E1D5496200090ED33 /* lundump.c */; };
		7AB6B5861D5496200090ED33 /* lvm.c in Sources */ = {isa = PBXBuildFile; fileRef = 7AB6B5601D5496200090ED33 /* lvm.c */; };
		7AB6B5871D5496200090ED33 /* lzio.c in Sources */ = {isa = PBXBuildFile; fileRef = 7AB6B5621D5496200090ED33 /* lzio.c */; };
		7AB6B5881D5496200090ED33 /* print.c in Sources */ = {isa = PBXBuildFile; fileRef = 7AB6B5641D5496200090ED33 /* print.c */; };
		7AB6B5931D5496F40090ED33 /* AssetPipeline.cpp in Sources */ = {isa = PBXBuildFile; fileRef = 7AB6B5911D5496F40090ED33 /* AssetPipeline.cpp */; };
		7AB6B5961D5499470090ED33 /* AssetPipelineWrapper.mm in Sources */ = {isa = PBXBuildFile; fileRef = 7AB6B5951D5499470090ED33 /* AssetPipelineWrapper.mm */; };
		7ADB2ED81D6EB52500F79550 /* bit.c in Sources */ = {isa = PBXBuildFile; fileRef = 7ADB2ED71D6EB52500F79550 /* bit.c */; };
		7ADB2ED91D6EB52500F79550 /* bit.c in Sources */ = {isa = PBXBuildFile; fileRef = 7ADB2ED71D6EB52500F79550 /* bit.c */; };
		7AF92DFE1D60267E003D54D4 /* sqlite3.c in Sources */ = {isa = PBXBuildFile; fileRef = 7AF92DFB1D60267E003D54D4 /* sqlite3.c */; };
/* End PBXBuildFile section */

/* Begin PBXContainerItemProxy section */
		7A4DFEB21D6BE51D00E858FE /* PBXContainerItemProxy */ = {
			isa = PBXContainerItemProxy;
			containerPortal = 7A24848C1D46D83C00C61397 /* Project object */;
			proxyType = 1;
			remoteGlobalIDString = 7A4DFE7F1D6BE40A00E858FE;
			remoteInfo = "Asset Pipeline Helper";
		};
/* End PBXContainerItemProxy section */

/* Begin PBXFileReference section */
		7A2484941D46D83C00C61397 /* Asset Pipeline.app */ = {isa = PBXFileReference; explicitFileType = wrapper.application; includeInIndex = 0; path = "Asset Pipeline.app"; sourceTree = BUILT_PRODUCTS_DIR; };
		7A30C48A1D70480C0004B3BA /* AssetPipelineMacDelegate.h */ = {isa = PBXFileReference; fileEncoding = 4; lastKnownFileType = sourcecode.c.h; path = AssetPipelineMacDelegate.h; sourceTree = "<group>"; };
		7A4DFE801D6BE40A00E858FE /* Asset Pipeline Helper.app */ = {isa = PBXFileReference; explicitFileType = wrapper.application; includeInIndex = 0; path = "Asset Pipeline Helper.app"; sourceTree = BUILT_PRODUCTS_DIR; };
		7A4DFE921D6BE44700E858FE /* Assets.xcassets */ = {isa = PBXFileReference; lastKnownFileType = folder.assetcatalog; path = Assets.xcassets; sourceTree = "<group>"; };
		7A4DFE941D6BE44700E858FE /* Base */ = {isa = PBXFileReference; lastKnownFileType = file.xib; name = Base; path = Base.lproj/MainMenu.xib; sourceTree = "<group>"; };
		7A4DFE951D6BE44700E858FE /* Info.plist */ = {isa = PBXFileReference; fileEncoding = 4; lastKnownFileType = text.plist.xml; path = Info.plist; sourceTree = "<group>"; };
		7A4DFE9A1D6BE44E00E858FE /* Assets.xcassets */ = {isa = PBXFileReference; lastKnownFileType = folder.assetcatalog; path = Assets.xcassets; sourceTree = "<group>"; };
		7A4DFE9C1D6BE44E00E858FE /* Base */ = {isa = PBXFileReference; lastKnownFileType = file.xib; name = Base; path = Base.lproj/MainMenu.xib; sourceTree = "<group>"; };
		7A4DFE9D1D6BE44E00E858FE /* Info.plist */ = {isa = PBXFileReference; fileEncoding = 4; lastKnownFileType = text.plist.xml; path = Info.plist; sourceTree = "<group>"; };
		7A4DFEA21D6BE46800E858FE /* HelperAppDelegate.swift */ = {isa = PBXFileReference; fileEncoding = 4; lastKnownFileType = sourcecode.swift; path = HelperAppDelegate.swift; sourceTree = "<group>"; };
		7A4DFEA31D6BE46800E858FE /* ProjectsWindowController.swift */ = {isa = PBXFileReference; fileEncoding = 4; lastKnownFileType = sourcecode.swift; path = ProjectsWindowController.swift; sourceTree = "<group>"; };
		7A4DFEA71D6BE46F00E858FE /* AppDelegate.swift */ = {isa = PBXFileReference; fileEncoding = 4; lastKnownFileType = sourcecode.swift; path = AppDelegate.swift; sourceTree = "<group>"; };
		7A4DFEA91D6BE48000E858FE /* IPCActions.swift */ = {isa = PBXFileReference; fileEncoding = 4; lastKnownFileType = sourcecode.swift; path = IPCActions.swift; sourceTree = "<group>"; };
		7A4DFEAA1D6BE48000E858FE /* IPCConnection.h */ = {isa = PBXFileReference; fileEncoding = 4; lastKnownFileType = sourcecode.c.h; path = IPCConnection.h; sourceTree = "<group>"; };
		7A4DFEAB1D6BE48000E858FE /* IPCConnection.mm */ = {isa = PBXFileReference; fileEncoding = 4; lastKnownFileType = sourcecode.cpp.objcpp; path = IPCConnection.mm; sourceTree = "<group>"; };
		7A4DFEAC1D6BE48000E858FE /* IPCConnectionDelegate.h */ = {isa = PBXFileReference; fileEncoding = 4; lastKnownFileType = sourcecode.c.h; path = IPCConnectionDelegate.h; sourceTree = "<group>"; };
		7A623C121D7005CA0053B7EA /* Process.h */ = {isa = PBXFileReference; lastKnownFileType = sourcecode.c.h; path = Process.h; sourceTree = "<group>"; };
		7A623C131D7005DC0053B7EA /* Process_posix.cpp */ = {isa = PBXFileReference; fileEncoding = 4; lastKnownFileType = sourcecode.cpp.cpp; path = Process_posix.cpp; sourceTree = "<group>"; };
		7A65F51E1D6C35CA00A680CA /* Debug.h */ = {isa = PBXFileReference; fileEncoding = 4; lastKnownFileType = sourcecode.c.h; path = Debug.h; sourceTree = "<group>"; };
		7A65F51F1D6C35CA00A680CA /* Debug_Mac.mm */ = {isa = PBXFileReference; fileEncoding = 4; lastKnownFileType = sourcecode.cpp.objcpp; path = Debug_Mac.mm; sourceTree = "<group>"; };
		7A65F5201D6C35CA00A680CA /* Macros.h */ = {isa = PBXFileReference; fileEncoding = 4; lastKnownFileType = sourcecode.c.h; path = Macros.h; sourceTree = "<group>"; };
		7A65F5231D6C35D400A680CA /* AssetPipelineOsFuncs_Mac.mm */ = {isa = PBXFileReference; fileEncoding = 4; lastKnownFileType = sourcecode.cpp.objcpp; path = AssetPipelineOsFuncs_Mac.mm; sourceTree = "<group>"; };
		7A65F5241D6C35D400A680CA /* AssetPipelineOsFuncs.h */ = {isa = PBXFileReference; fileEncoding = 4; lastKnownFileType = sourcecode.c.h; path = AssetPipelineOsFuncs.h; sourceTree = "<group>"; };
		7A65F5251D6C35D400A680CA /* ProjectDBConn.cpp */ = {isa = PBXFileReference; fileEncoding = 4; lastKnownFileType = sourcecode.cpp.cpp; path = ProjectDBConn.cpp; sourceTree = "<group>"; };
		7A65F5261D6C35D400A680CA /* ProjectDBConn.h */ = {isa = PBXFileReference; fileEncoding = 4; lastKnownFileType = sourcecode.c.h; path = ProjectDBConn.h; sourceTree = "<group>"; };
		7A65F52B1D6C35E800A680CA /* ProjectDBConnWrapper.h */ = {isa = PBXFileReference; fileEncoding = 4; lastKnownFileType = sourcecode.c.h; path = ProjectDBConnWrapper.h; sourceTree = "<group>"; };
		7A65F52C1D6C35E800A680CA /* ProjectDBConnWrapper.mm */ = {isa = PBXFileReference; fileEncoding = 4; lastKnownFileType = sourcecode.cpp.objcpp; path = ProjectDBConnWrapper.mm; sourceTree = "<group>"; };
		7A8D8A631D6D153800886730 /* buildsystem.lua */ = {isa = PBXFileReference; lastKnownFileType = text; path = buildsystem.lua; sourceTree = "<group>"; };
		7A8D8A641D6D153800886730 /* list.lua */ = {isa = PBXFileReference; lastKnownFileType = text; path = list.lua; sourceTree = "<group>"; };
		7AB6B5291D5496200090ED33 /* lua.hpp */ = {isa = PBXFileReference; fileEncoding = 4; lastKnownFileType = sourcecode.cpp.h; path = lua.hpp; sourceTree = "<group>"; };
		7AB6B52E1D5496200090ED33 /* lapi.c */ = {isa = PBXFileReference; fileEncoding = 4; lastKnownFileType = sourcecode.c.c; path = lapi.c; sourceTree = "<group>"; };
		7AB6B52F1D5496200090ED33 /* lapi.h */ = {isa = PBXFileReference; fileEncoding = 4; lastKnownFileType = sourcecode.c.h; path = lapi.h; sourceTree = "<group>"; };
		7AB6B5301D5496200090ED33 /* lauxlib.c */ = {isa = PBXFileReference; fileEncoding = 4; lastKnownFileType = sourcecode.c.c; path = lauxlib.c; sourceTree = "<group>"; };
		7AB6B5311D5496200090ED33 /* lauxlib.h */ = {isa = PBXFileReference; fileEncoding = 4; lastKnownFileType = sourcecode.c.h; path = lauxlib.h; sourceTree = "<group>"; };
		7AB6B5321D5496200090ED33 /* lbaselib.c */ = {isa = PBXFileReference; fileEncoding = 4; lastKnownFileType = sourcecode.c.c; path = lbaselib.c; sourceTree = "<group>"; };
		7AB6B5331D5496200090ED33 /* lcode.c */ = {isa = PBXFileReference; fileEncoding = 4; lastKnownFileType = sourcecode.c.c; path = lcode.c; sourceTree = "<group>"; };
		7AB6B5341D5496200090ED33 /* lcode.h */ = {isa = PBXFileReference; fileEncoding = 4; lastKnownFileType = sourcecode.c.h; path = lcode.h; sourceTree = "<group>"; };
		7AB6B5351D5496200090ED33 /* ldblib.c */ = {isa = PBXFileReference; fileEncoding = 4; lastKnownFileType = sourcecode.c.c; path = ldblib.c; sourceTree = "<group>"; };
		7AB6B5361D5496200090ED33 /* ldebug.c */ = {isa = PBXFileReference; fileEncoding = 4; lastKnownFileType = sourcecode.c.c; path = ldebug.c; sourceTree = "<group>"; };
		7AB6B5371D5496200090ED33 /* ldebug.h */ = {isa = PBXFileReference; fileEncoding = 4; lastKnownFileType = sourcecode.c.h; path = ldebug.h; sourceTree = "<group>"; };
		7AB6B5381D5496200090ED33 /* ldo.c */ = {isa = PBXFileReference; fileEncoding = 4; lastKnownFileType = sourcecode.c.c; path = ldo.c; sourceTree = "<group>"; };
		7AB6B5391D5496200090ED33 /* ldo.h */ = {isa = PBXFileReference; fileEncoding = 4; lastKnownFileType = sourcecode.c.h; path = ldo.h; sourceTree = "<group>"; };
		7AB6B53A1D5496200090ED33 /* ldump.c */ = {isa = PBXFileReference; fileEncoding = 4; lastKnownFileType = sourcecode.c.c; path = ldump.c; sourceTree = "<group>"; };
		7AB6B53B1D5496200090ED33 /* lfunc.c */ = {isa = PBXFileReference; fileEncoding = 4; lastKnownFileType = sourcecode.c.c; path = lfunc.c; sourceTree = "<group>"; };
		7AB6B53C1D5496200090ED33 /* lfunc.h */ = {isa = PBXFileReference; fileEncoding = 4; lastKnownFileType = sourcecode.c.h; path = lfunc.h; sourceTree = "<group>"; };
		7AB6B53D1D5496200090ED33 /* lgc.c */ = {isa = PBXFileReference; fileEncoding = 4; lastKnownFileType = sourcecode.c.c; path = lgc.c; sourceTree = "<group>"; };
		7AB6B53E1D5496200090ED33 /* lgc.h */ = {isa = PBXFileReference; fileEncoding = 4; lastKnownFileType = sourcecode.c.h; path = lgc.h; sourceTree = "<group>"; };
		7AB6B53F1D5496200090ED33 /* linit.c */ = {isa = PBXFileReference; fileEncoding = 4; lastKnownFileType = sourcecode.c.c; path = linit.c; sourceTree = "<group>"; };
		7AB6B5401D5496200090ED33 /* liolib.c */ = {isa = PBXFileReference; fileEncoding = 4; lastKnownFileType = sourcecode.c.c; path = liolib.c; sourceTree = "<group>"; };
		7AB6B5411D5496200090ED33 /* llex.c */ = {isa = PBXFileReference; fileEncoding = 4; lastKnownFileType = sourcecode.c.c; path = llex.c; sourceTree = "<group>"; };
		7AB6B5421D5496200090ED33 /* llex.h */ = {isa = PBXFileReference; fileEncoding = 4; lastKnownFileType = sourcecode.c.h; path = llex.h; sourceTree = "<group>"; };
		7AB6B5431D5496200090ED33 /* llimits.h */ = {isa = PBXFileReference; fileEncoding = 4; lastKnownFileType = sourcecode.c.h; path = llimits.h; sourceTree = "<group>"; };
		7AB6B5441D5496200090ED33 /* lmathlib.c */ = {isa = PBXFileReference; fileEncoding = 4; lastKnownFileType = sourcecode.c.c; path = lmathlib.c; sourceTree = "<group>"; };
		7AB6B5451D5496200090ED33 /* lmem.c */ = {isa = PBXFileReference; fileEncoding = 4; lastKnownFileType = sourcecode.c.c; path = lmem.c; sourceTree = "<group>"; };
		7AB6B5461D5496200090ED33 /* lmem.h */ = {isa = PBXFileReference; fileEncoding = 4; lastKnownFileType = sourcecode.c.h; path = lmem.h; sourceTree = "<group>"; };
		7AB6B5471D5496200090ED33 /* loadlib.c */ = {isa = PBXFileReference; fileEncoding = 4; lastKnownFileType = sourcecode.c.c; path = loadlib.c; sourceTree = "<group>"; };
		7AB6B5481D5496200090ED33 /* lobject.c */ = {isa = PBXFileReference; fileEncoding = 4; lastKnownFileType = sourcecode.c.c; path = lobject.c; sourceTree = "<group>"; };
		7AB6B5491D5496200090ED33 /* lobject.h */ = {isa = PBXFileReference; fileEncoding = 4; lastKnownFileType = sourcecode.c.h; path = lobject.h; sourceTree = "<group>"; };
		7AB6B54A1D5496200090ED33 /* lopcodes.c */ = {isa = PBXFileReference; fileEncoding = 4; lastKnownFileType = sourcecode.c.c; path = lopcodes.c; sourceTree = "<group>"; };
		7AB6B54B1D5496200090ED33 /* lopcodes.h */ = {isa = PBXFileReference; fileEncoding = 4; lastKnownFileType = sourcecode.c.h; path = lopcodes.h; sourceTree = "<group>"; };
		7AB6B54C1D5496200090ED33 /* loslib.c */ = {isa = PBXFileReference; fileEncoding = 4; lastKnownFileType = sourcecode.c.c; path = loslib.c; sourceTree = "<group>"; };
		7AB6B54D1D5496200090ED33 /* lparser.c */ = {isa = PBXFileReference; fileEncoding = 4; lastKnownFileType = sourcecode.c.c; path = lparser.c; sourceTree = "<group>"; };
		7AB6B54E1D5496200090ED33 /* lparser.h */ = {isa = PBXFileReference; fileEncoding = 4; lastKnownFileType = sourcecode.c.h; path = lparser.h; sourceTree = "<group>"; };
		7AB6B54F1D5496200090ED33 /* lstate.c */ = {isa = PBXFileReference; fileEncoding = 4; lastKnownFileType = sourcecode.c.c; path = lstate.c; sourceTree = "<group>"; };
		7AB6B5501D5496200090ED33 /* lstate.h */ = {isa = PBXFileReference; fileEncoding = 4; lastKnownFileType = sourcecode.c.h; path = lstate.h; sourceTree = "<group>"; };
		7AB6B5511D5496200090ED33 /* lstring.c */ = {isa = PBXFileReference; fileEncoding = 4; lastKnownFileType = sourcecode.c.c; path = lstring.c; sourceTree = "<group>"; };
		7AB6B5521D5496200090ED33 /* lstring.h */ = {isa = PBXFileReference; fileEncoding = 4; lastKnownFileType = sourcecode.c.h; path = lstring.h; sourceTree = "<group>"; };
		7AB6B5531D5496200090ED33 /* lstrlib.c */ = {isa = PBXFileReference; fileEncoding = 4; lastKnownFileType = sourcecode.c.c; path = lstrlib.c; sourceTree = "<group>"; };
		7AB6B5541D5496200090ED33 /* ltable.c */ = {isa = PBXFileReference; fileEncoding = 4; lastKnownFileType = sourcecode.c.c; path = ltable.c; sourceTree = "<group>"; };
		7AB6B5551D5496200090ED33 /* ltable.h */ = {isa = PBXFileReference; fileEncoding = 4; lastKnownFileType = sourcecode.c.h; path = ltable.h; sourceTree = "<group>"; };
		7AB6B5561D5496200090ED33 /* ltablib.c */ = {isa = PBXFileReference; fileEncoding = 4; lastKnownFileType = sourcecode.c.c; path = ltablib.c; sourceTree = "<group>"; };
		7AB6B5571D5496200090ED33 /* ltm.c */ = {isa = PBXFileReference; fileEncoding = 4; lastKnownFileType = sourcecode.c.c; path = ltm.c; sourceTree = "<group>"; };
		7AB6B5581D5496200090ED33 /* ltm.h */ = {isa = PBXFileReference; fileEncoding = 4; lastKnownFileType = sourcecode.c.h; path = ltm.h; sourceTree = "<group>"; };
		7AB6B55A1D5496200090ED33 /* lua.h */ = {isa = PBXFileReference; fileEncoding = 4; lastKnownFileType = sourcecode.c.h; path = lua.h; sourceTree = "<group>"; };
		7AB6B55C1D5496200090ED33 /* luaconf.h */ = {isa = PBXFileReference; fileEncoding = 4; lastKnownFileType = sourcecode.c.h; path = luaconf.h; sourceTree = "<group>"; };
		7AB6B55D1D5496200090ED33 /* lualib.h */ = {isa = PBXFileReference; fileEncoding = 4; lastKnownFileType = sourcecode.c.h; path = lualib.h; sourceTree = "<group>"; };
		7AB6B55E1D5496200090ED33 /* lundump.c */ = {isa = PBXFileReference; fileEncoding = 4; lastKnownFileType = sourcecode.c.c; path = lundump.c; sourceTree = "<group>"; };
		7AB6B55F1D5496200090ED33 /* lundump.h */ = {isa = PBXFileReference; fileEncoding = 4; lastKnownFileType = sourcecode.c.h; path = lundump.h; sourceTree = "<group>"; };
		7AB6B5601D5496200090ED33 /* lvm.c */ = {isa = PBXFileReference; fileEncoding = 4; lastKnownFileType = sourcecode.c.c; path = lvm.c; sourceTree = "<group>"; };
		7AB6B5611D5496200090ED33 /* lvm.h */ = {isa = PBXFileReference; fileEncoding = 4; lastKnownFileType = sourcecode.c.h; path = lvm.h; sourceTree = "<group>"; };
		7AB6B5621D5496200090ED33 /* lzio.c */ = {isa = PBXFileReference; fileEncoding = 4; lastKnownFileType = sourcecode.c.c; path = lzio.c; sourceTree = "<group>"; };
		7AB6B5631D5496200090ED33 /* lzio.h */ = {isa = PBXFileReference; fileEncoding = 4; lastKnownFileType = sourcecode.c.h; path = lzio.h; sourceTree = "<group>"; };
		7AB6B5641D5496200090ED33 /* print.c */ = {isa = PBXFileReference; fileEncoding = 4; lastKnownFileType = sourcecode.c.c; path = print.c; sourceTree = "<group>"; };
		7AB6B5911D5496F40090ED33 /* AssetPipeline.cpp */ = {isa = PBXFileReference; fileEncoding = 4; lastKnownFileType = sourcecode.cpp.cpp; path = AssetPipeline.cpp; sourceTree = "<group>"; };
		7AB6B5921D5496F40090ED33 /* AssetPipeline.h */ = {isa = PBXFileReference; fileEncoding = 4; lastKnownFileType = sourcecode.c.h; path = AssetPipeline.h; sourceTree = "<group>"; };
		7AB6B5941D5499470090ED33 /* AssetPipelineWrapper.h */ = {isa = PBXFileReference; fileEncoding = 4; lastKnownFileType = sourcecode.c.h; path = AssetPipelineWrapper.h; sourceTree = "<group>"; };
		7AB6B5951D5499470090ED33 /* AssetPipelineWrapper.mm */ = {isa = PBXFileReference; fileEncoding = 4; lastKnownFileType = sourcecode.cpp.objcpp; path = AssetPipelineWrapper.mm; sourceTree = "<group>"; };
		7AB6B5971D549A520090ED33 /* AssetPipeline-Bridging-Header.h */ = {isa = PBXFileReference; lastKnownFileType = sourcecode.c.h; path = "AssetPipeline-Bridging-Header.h"; sourceTree = "<group>"; };
		7ADB2ED71D6EB52500F79550 /* bit.c */ = {isa = PBXFileReference; fileEncoding = 4; lastKnownFileType = sourcecode.c.c; path = bit.c; sourceTree = "<group>"; };
		7AF92DFB1D60267E003D54D4 /* sqlite3.c */ = {isa = PBXFileReference; fileEncoding = 4; lastKnownFileType = sourcecode.c.c; path = sqlite3.c; sourceTree = "<group>"; };
		7AF92DFC1D60267E003D54D4 /* sqlite3.h */ = {isa = PBXFileReference; fileEncoding = 4; lastKnownFileType = sourcecode.c.h; path = sqlite3.h; sourceTree = "<group>"; };
		7AF92DFD1D60267E003D54D4 /* sqlite3ext.h */ = {isa = PBXFileReference; fileEncoding = 4; lastKnownFileType = sourcecode.c.h; path = sqlite3ext.h; sourceTree = "<group>"; };
/* End PBXFileReference section */

/* Begin PBXFrameworksBuildPhase section */
		7A2484911D46D83C00C61397 /* Frameworks */ = {
			isa = PBXFrameworksBuildPhase;
			buildActionMask = 2147483647;
			files = (
			);
			runOnlyForDeploymentPostprocessing = 0;
		};
		7A4DFE7D1D6BE40A00E858FE /* Frameworks */ = {
			isa = PBXFrameworksBuildPhase;
			buildActionMask = 2147483647;
			files = (
			);
			runOnlyForDeploymentPostprocessing = 0;
		};
/* End PBXFrameworksBuildPhase section */

/* Begin PBXGroup section */
		7A24848B1D46D83C00C61397 = {
			isa = PBXGroup;
			children = (
				7AD575381D4784300010AA4C /* Mac */,
				7A8D8A621D6D153800886730 /* Scripts */,
				7A7538E51D4958970049C506 /* Source */,
				7A2484951D46D83C00C61397 /* Products */,
			);
			sourceTree = "<group>";
		};
		7A2484951D46D83C00C61397 /* Products */ = {
			isa = PBXGroup;
			children = (
				7A2484941D46D83C00C61397 /* Asset Pipeline.app */,
				7A4DFE801D6BE40A00E858FE /* Asset Pipeline Helper.app */,
			);
			name = Products;
			sourceTree = "<group>";
		};
		7A4DFE911D6BE44700E858FE /* Helper */ = {
			isa = PBXGroup;
			children = (
				7A4DFE921D6BE44700E858FE /* Assets.xcassets */,
				7A4DFE931D6BE44700E858FE /* MainMenu.xib */,
				7A4DFE951D6BE44700E858FE /* Info.plist */,
			);
			path = Helper;
			sourceTree = "<group>";
		};
		7A4DFE991D6BE44E00E858FE /* MenuApp */ = {
			isa = PBXGroup;
			children = (
				7A4DFE9A1D6BE44E00E858FE /* Assets.xcassets */,
				7A4DFE9B1D6BE44E00E858FE /* MainMenu.xib */,
				7A4DFE9D1D6BE44E00E858FE /* Info.plist */,
			);
			path = MenuApp;
			sourceTree = "<group>";
		};
		7A4DFEA11D6BE46800E858FE /* Helper */ = {
			isa = PBXGroup;
			children = (
				7A4DFEA21D6BE46800E858FE /* HelperAppDelegate.swift */,
				7A4DFEA31D6BE46800E858FE /* ProjectsWindowController.swift */,
			);
			path = Helper;
			sourceTree = "<group>";
		};
		7A4DFEA61D6BE46F00E858FE /* MenuApp */ = {
			isa = PBXGroup;
			children = (
				7A4DFEA71D6BE46F00E858FE /* AppDelegate.swift */,
			);
			path = MenuApp;
			sourceTree = "<group>";
		};
		7A65F51D1D6C35CA00A680CA /* Core */ = {
			isa = PBXGroup;
			children = (
				7A65F51E1D6C35CA00A680CA /* Debug.h */,
				7A65F51F1D6C35CA00A680CA /* Debug_Mac.mm */,
				7A65F5201D6C35CA00A680CA /* Macros.h */,
			);
			path = Core;
			sourceTree = "<group>";
		};
		7A7538E51D4958970049C506 /* Source */ = {
			isa = PBXGroup;
			children = (
				7AB6B5261D5496200090ED33 /* lua */,
				7AF92DFA1D60267E003D54D4 /* sqlite3 */,
				7A65F51D1D6C35CA00A680CA /* Core */,
				7AB6B5901D5496F40090ED33 /* Pipeline */,
				7A7538E61D4958970049C506 /* Mac */,
			);
			name = Source;
			path = ../Source;
			sourceTree = "<group>";
		};
		7A7538E61D4958970049C506 /* Mac */ = {
			isa = PBXGroup;
			children = (
				7A4DFEA11D6BE46800E858FE /* Helper */,
				7A4DFEA61D6BE46F00E858FE /* MenuApp */,
				7A4DFEA91D6BE48000E858FE /* IPCActions.swift */,
				7A4DFEAC1D6BE48000E858FE /* IPCConnectionDelegate.h */,
				7A4DFEAA1D6BE48000E858FE /* IPCConnection.h */,
				7A4DFEAB1D6BE48000E858FE /* IPCConnection.mm */,
				7AB6B5971D549A520090ED33 /* AssetPipeline-Bridging-Header.h */,
				7A30C48A1D70480C0004B3BA /* AssetPipelineMacDelegate.h */,
				7AB6B5941D5499470090ED33 /* AssetPipelineWrapper.h */,
				7AB6B5951D5499470090ED33 /* AssetPipelineWrapper.mm */,
				7A65F52B1D6C35E800A680CA /* ProjectDBConnWrapper.h */,
				7A65F52C1D6C35E800A680CA /* ProjectDBConnWrapper.mm */,
			);
			path = Mac;
			sourceTree = "<group>";
		};
		7A8D8A621D6D153800886730 /* Scripts */ = {
			isa = PBXGroup;
			children = (
				7A8D8A631D6D153800886730 /* buildsystem.lua */,
				7A8D8A641D6D153800886730 /* list.lua */,
			);
			name = Scripts;
			path = ../Scripts;
			sourceTree = "<group>";
		};
		7AB6B5261D5496200090ED33 /* lua */ = {
			isa = PBXGroup;
			children = (
				7AB6B5281D5496200090ED33 /* etc */,
				7AB6B52D1D5496200090ED33 /* src */,
			);
			path = lua;
			sourceTree = "<group>";
		};
		7AB6B5281D5496200090ED33 /* etc */ = {
			isa = PBXGroup;
			children = (
				7AB6B5291D5496200090ED33 /* lua.hpp */,
			);
			path = etc;
			sourceTree = "<group>";
		};
		7AB6B52D1D5496200090ED33 /* src */ = {
			isa = PBXGroup;
			children = (
				7ADB2ED71D6EB52500F79550 /* bit.c */,
				7AB6B52E1D5496200090ED33 /* lapi.c */,
				7AB6B52F1D5496200090ED33 /* lapi.h */,
				7AB6B5301D5496200090ED33 /* lauxlib.c */,
				7AB6B5311D5496200090ED33 /* lauxlib.h */,
				7AB6B5321D5496200090ED33 /* lbaselib.c */,
				7AB6B5331D5496200090ED33 /* lcode.c */,
				7AB6B5341D5496200090ED33 /* lcode.h */,
				7AB6B5351D5496200090ED33 /* ldblib.c */,
				7AB6B5361D5496200090ED33 /* ldebug.c */,
				7AB6B5371D5496200090ED33 /* ldebug.h */,
				7AB6B5381D5496200090ED33 /* ldo.c */,
				7AB6B5391D5496200090ED33 /* ldo.h */,
				7AB6B53A1D5496200090ED33 /* ldump.c */,
				7AB6B53B1D5496200090ED33 /* lfunc.c */,
				7AB6B53C1D5496200090ED33 /* lfunc.h */,
				7AB6B53D1D5496200090ED33 /* lgc.c */,
				7AB6B53E1D5496200090ED33 /* lgc.h */,
				7AB6B53F1D5496200090ED33 /* linit.c */,
				7AB6B5401D5496200090ED33 /* liolib.c */,
				7AB6B5411D5496200090ED33 /* llex.c */,
				7AB6B5421D5496200090ED33 /* llex.h */,
				7AB6B5431D5496200090ED33 /* llimits.h */,
				7AB6B5441D5496200090ED33 /* lmathlib.c */,
				7AB6B5451D5496200090ED33 /* lmem.c */,
				7AB6B5461D5496200090ED33 /* lmem.h */,
				7AB6B5471D5496200090ED33 /* loadlib.c */,
				7AB6B5481D5496200090ED33 /* lobject.c */,
				7AB6B5491D5496200090ED33 /* lobject.h */,
				7AB6B54A1D5496200090ED33 /* lopcodes.c */,
				7AB6B54B1D5496200090ED33 /* lopcodes.h */,
				7AB6B54C1D5496200090ED33 /* loslib.c */,
				7AB6B54D1D5496200090ED33 /* lparser.c */,
				7AB6B54E1D5496200090ED33 /* lparser.h */,
				7AB6B54F1D5496200090ED33 /* lstate.c */,
				7AB6B5501D5496200090ED33 /* lstate.h */,
				7AB6B5511D5496200090ED33 /* lstring.c */,
				7AB6B5521D5496200090ED33 /* lstring.h */,
				7AB6B5531D5496200090ED33 /* lstrlib.c */,
				7AB6B5541D5496200090ED33 /* ltable.c */,
				7AB6B5551D5496200090ED33 /* ltable.h */,
				7AB6B5561D5496200090ED33 /* ltablib.c */,
				7AB6B5571D5496200090ED33 /* ltm.c */,
				7AB6B5581D5496200090ED33 /* ltm.h */,
				7AB6B55A1D5496200090ED33 /* lua.h */,
				7AB6B55C1D5496200090ED33 /* luaconf.h */,
				7AB6B55D1D5496200090ED33 /* lualib.h */,
				7AB6B55E1D5496200090ED33 /* lundump.c */,
				7AB6B55F1D5496200090ED33 /* lundump.h */,
				7AB6B5601D5496200090ED33 /* lvm.c */,
				7AB6B5611D5496200090ED33 /* lvm.h */,
				7AB6B5621D5496200090ED33 /* lzio.c */,
				7AB6B5631D5496200090ED33 /* lzio.h */,
				7AB6B5641D5496200090ED33 /* print.c */,
			);
			path = src;
			sourceTree = "<group>";
		};
		7AB6B5901D5496F40090ED33 /* Pipeline */ = {
			isa = PBXGroup;
			children = (
				7AB6B5921D5496F40090ED33 /* AssetPipeline.h */,
				7AB6B5911D5496F40090ED33 /* AssetPipeline.cpp */,
				7A65F5261D6C35D400A680CA /* ProjectDBConn.h */,
				7A65F5251D6C35D400A680CA /* ProjectDBConn.cpp */,
				7A65F5241D6C35D400A680CA /* AssetPipelineOsFuncs.h */,
				7A65F5231D6C35D400A680CA /* AssetPipelineOsFuncs_Mac.mm */,
				7A623C121D7005CA0053B7EA /* Process.h */,
				7A623C131D7005DC0053B7EA /* Process_posix.cpp */,
			);
			path = Pipeline;
			sourceTree = "<group>";
		};
		7AD575381D4784300010AA4C /* Mac */ = {
			isa = PBXGroup;
			children = (
				7A4DFE911D6BE44700E858FE /* Helper */,
				7A4DFE991D6BE44E00E858FE /* MenuApp */,
			);
			name = Mac;
			sourceTree = "<group>";
		};
		7AF92DFA1D60267E003D54D4 /* sqlite3 */ = {
			isa = PBXGroup;
			children = (
				7AF92DFB1D60267E003D54D4 /* sqlite3.c */,
				7AF92DFC1D60267E003D54D4 /* sqlite3.h */,
				7AF92DFD1D60267E003D54D4 /* sqlite3ext.h */,
			);
			path = sqlite3;
			sourceTree = "<group>";
		};
/* End PBXGroup section */

/* Begin PBXNativeTarget section */
		7A2484931D46D83C00C61397 /* Asset Pipeline */ = {
			isa = PBXNativeTarget;
			buildConfigurationList = 7A2484A11D46D83C00C61397 /* Build configuration list for PBXNativeTarget "Asset Pipeline" */;
			buildPhases = (
				7A2484901D46D83C00C61397 /* Sources */,
				7A2484911D46D83C00C61397 /* Frameworks */,
				7A2484921D46D83C00C61397 /* Resources */,
			);
			buildRules = (
			);
			dependencies = (
				7A4DFEB31D6BE51D00E858FE /* PBXTargetDependency */,
			);
			name = "Asset Pipeline";
			productName = "Asset Pipeline";
			productReference = 7A2484941D46D83C00C61397 /* Asset Pipeline.app */;
			productType = "com.apple.product-type.application";
		};
		7A4DFE7F1D6BE40A00E858FE /* Asset Pipeline Helper */ = {
			isa = PBXNativeTarget;
			buildConfigurationList = 7A4DFE901D6BE40A00E858FE /* Build configuration list for PBXNativeTarget "Asset Pipeline Helper" */;
			buildPhases = (
				7A4DFE7C1D6BE40A00E858FE /* Sources */,
				7A4DFE7D1D6BE40A00E858FE /* Frameworks */,
				7A4DFE7E1D6BE40A00E858FE /* Resources */,
			);
			buildRules = (
			);
			dependencies = (
			);
			name = "Asset Pipeline Helper";
			productName = "Asset Pipeline Helper";
			productReference = 7A4DFE801D6BE40A00E858FE /* Asset Pipeline Helper.app */;
			productType = "com.apple.product-type.application";
		};
/* End PBXNativeTarget section */

/* Begin PBXProject section */
		7A24848C1D46D83C00C61397 /* Project object */ = {
			isa = PBXProject;
			attributes = {
				LastSwiftUpdateCheck = 0730;
				LastUpgradeCheck = 0730;
				ORGANIZATIONNAME = "William Irwin-Harris";
				TargetAttributes = {
					7A2484931D46D83C00C61397 = {
						CreatedOnToolsVersion = 7.3.1;
					};
					7A4DFE7F1D6BE40A00E858FE = {
						CreatedOnToolsVersion = 7.3.1;
					};
				};
			};
			buildConfigurationList = 7A24848F1D46D83C00C61397 /* Build configuration list for PBXProject "Asset Pipeline" */;
			compatibilityVersion = "Xcode 3.2";
			developmentRegion = English;
			hasScannedForEncodings = 0;
			knownRegions = (
				en,
				Base,
			);
			mainGroup = 7A24848B1D46D83C00C61397;
			productRefGroup = 7A2484951D46D83C00C61397 /* Products */;
			projectDirPath = "";
			projectRoot = "";
			targets = (
				7A2484931D46D83C00C61397 /* Asset Pipeline */,
				7A4DFE7F1D6BE40A00E858FE /* Asset Pipeline Helper */,
			);
		};
/* End PBXProject section */

/* Begin PBXResourcesBuildPhase section */
		7A2484921D46D83C00C61397 /* Resources */ = {
			isa = PBXResourcesBuildPhase;
			buildActionMask = 2147483647;
			files = (
				7A8D8A651D6D154A00886730 /* buildsystem.lua in Resources */,
				7A8D8A661D6D154A00886730 /* list.lua in Resources */,
				7A4DFEB11D6BE51900E858FE /* Asset Pipeline Helper.app in Resources */,
				7A4DFE9E1D6BE44E00E858FE /* Assets.xcassets in Resources */,
				7A4DFE9F1D6BE44E00E858FE /* MainMenu.xib in Resources */,
			);
			runOnlyForDeploymentPostprocessing = 0;
		};
		7A4DFE7E1D6BE40A00E858FE /* Resources */ = {
			isa = PBXResourcesBuildPhase;
			buildActionMask = 2147483647;
			files = (
				7A4DFE961D6BE44700E858FE /* Assets.xcassets in Resources */,
				7A4DFE971D6BE44700E858FE /* MainMenu.xib in Resources */,
			);
			runOnlyForDeploymentPostprocessing = 0;
		};
/* End PBXResourcesBuildPhase section */

/* Begin PBXSourcesBuildPhase section */
		7A2484901D46D83C00C61397 /* Sources */ = {
			isa = PBXSourcesBuildPhase;
			buildActionMask = 2147483647;
			files = (
				7A4DFEAF1D6BE48000E858FE /* IPCConnection.mm in Sources */,
				7AB6B5931D5496F40090ED33 /* AssetPipeline.cpp in Sources */,
				7A4DFEAD1D6BE48000E858FE /* IPCActions.swift in Sources */,
				7AB6B5731D5496200090ED33 /* linit.c in Sources */,
				7AB6B5721D5496200090ED33 /* lgc.c in Sources */,
				7A65F5291D6C35D400A680CA /* ProjectDBConn.cpp in Sources */,
				7AB6B5771D5496200090ED33 /* lmem.c in Sources */,
				7AB6B5741D5496200090ED33 /* liolib.c in Sources */,
				7AB6B5711D5496200090ED33 /* lfunc.c in Sources */,
				7AB6B57E1D5496200090ED33 /* lstring.c in Sources */,
				7AB6B56D1D5496200090ED33 /* ldblib.c in Sources */,
				7AB6B5811D5496200090ED33 /* ltablib.c in Sources */,
				7AB6B5861D5496200090ED33 /* lvm.c in Sources */,
				7AF92DFE1D60267E003D54D4 /* sqlite3.c in Sources */,
				7AB6B5751D5496200090ED33 /* llex.c in Sources */,
				7AB6B5781D5496200090ED33 /* loadlib.c in Sources */,
				7AB6B56B1D5496200090ED33 /* lbaselib.c in Sources */,
				7A65F5271D6C35D400A680CA /* AssetPipelineOsFuncs_Mac.mm in Sources */,
				7AB6B5851D5496200090ED33 /* lundump.c in Sources */,
				7A65F52D1D6C35E800A680CA /* ProjectDBConnWrapper.mm in Sources */,
				7AB6B5701D5496200090ED33 /* ldump.c in Sources */,
				7AB6B56E1D5496200090ED33 /* ldebug.c in Sources */,
				7AB6B5691D5496200090ED33 /* lapi.c in Sources */,
				7AB6B5881D5496200090ED33 /* print.c in Sources */,
				7AB6B5791D5496200090ED33 /* lobject.c in Sources */,
				7ADB2ED81D6EB52500F79550 /* bit.c in Sources */,
				7AB6B57B1D5496200090ED33 /* loslib.c in Sources */,
				7AB6B5801D5496200090ED33 /* ltable.c in Sources */,
				7AB6B5871D5496200090ED33 /* lzio.c in Sources */,
				7AB6B5761D5496200090ED33 /* lmathlib.c in Sources */,
				7AB6B57C1D5496200090ED33 /* lparser.c in Sources */,
				7AB6B56F1D5496200090ED33 /* ldo.c in Sources */,
				7A65F5211D6C35CA00A680CA /* Debug_Mac.mm in Sources */,
				7AB6B57D1D5496200090ED33 /* lstate.c in Sources */,
				7AB6B57A1D5496200090ED33 /* lopcodes.c in Sources */,
				7AB6B5961D5499470090ED33 /* AssetPipelineWrapper.mm in Sources */,
				7AB6B56A1D5496200090ED33 /* lauxlib.c in Sources */,
				7AB6B5821D5496200090ED33 /* ltm.c in Sources */,
				7AB6B57F1D5496200090ED33 /* lstrlib.c in Sources */,
				7A4DFEA81D6BE46F00E858FE /* AppDelegate.swift in Sources */,
				7AB6B56C1D5496200090ED33 /* lcode.c in Sources */,
				7A623C151D7005DC0053B7EA /* Process_posix.cpp in Sources */,
			);
			runOnlyForDeploymentPostprocessing = 0;
		};
		7A4DFE7C1D6BE40A00E858FE /* Sources */ = {
			isa = PBXSourcesBuildPhase;
			buildActionMask = 2147483647;
			files = (
				7A623C161D7005DC0053B7EA /* Process_posix.cpp in Sources */,
				7A4DFEB81D6BE55500E858FE /* lcode.c in Sources */,
				7A4DFEB41D6BE53E00E858FE /* AssetPipelineWrapper.mm in Sources */,
				7A4DFEBD1D6BE56300E858FE /* lfunc.c in Sources */,
				7A4DFEB71D6BE55200E858FE /* lbaselib.c in Sources */,
				7A4DFEBA1D6BE55B00E858FE /* ldebug.c in Sources */,
				7A65F52A1D6C35D400A680CA /* ProjectDBConn.cpp in Sources */,
				7A4DFECF1D6BE59B00E858FE /* lvm.c in Sources */,
				7A4DFEC01D6BE56B00E858FE /* liolib.c in Sources */,
				7A65F5221D6C35CA00A680CA /* Debug_Mac.mm in Sources */,
				7A65F52E1D6C35E800A680CA /* ProjectDBConnWrapper.mm in Sources */,
				7A4DFEC71D6BE58000E858FE /* loslib.c in Sources */,
				7A4DFED31D6BE5AD00E858FE /* AssetPipeline.cpp in Sources */,
				7A4DFED41D6BE5CC00E858FE /* lundump.c in Sources */,
				7A4DFEB51D6BE54C00E858FE /* lapi.c in Sources */,
				7A4DFECE1D6BE59700E858FE /* ltm.c in Sources */,
				7A4DFEB91D6BE55900E858FE /* ldblib.c in Sources */,
				7A4DFED11D6BE59F00E858FE /* print.c in Sources */,
				7A4DFEB01D6BE48000E858FE /* IPCConnection.mm in Sources */,
				7A4DFEBF1D6BE56800E858FE /* linit.c in Sources */,
				7A4DFEC31D6BE57400E858FE /* lmem.c in Sources */,
				7A4DFEBC1D6BE56100E858FE /* ldump.c in Sources */,
				7A4DFECA1D6BE58D00E858FE /* lstring.c in Sources */,
				7A4DFEA41D6BE46800E858FE /* HelperAppDelegate.swift in Sources */,
				7A4DFED01D6BE59D00E858FE /* lzio.c in Sources */,
				7A4DFED21D6BE5AA00E858FE /* sqlite3.c in Sources */,
				7A4DFEC91D6BE58B00E858FE /* lstate.c in Sources */,
				7A4DFEC61D6BE57D00E858FE /* lopcodes.c in Sources */,
				7A4DFEC11D6BE56F00E858FE /* llex.c in Sources */,
				7A4DFEA51D6BE46800E858FE /* ProjectsWindowController.swift in Sources */,
				7A4DFEBB1D6BE55E00E858FE /* ldo.c in Sources */,
				7A4DFEC41D6BE57700E858FE /* loadlib.c in Sources */,
				7A4DFEC51D6BE57A00E858FE /* lobject.c in Sources */,
				7A4DFECD1D6BE59500E858FE /* ltablib.c in Sources */,
				7ADB2ED91D6EB52500F79550 /* bit.c in Sources */,
				7A4DFECB1D6BE58F00E858FE /* lstrlib.c in Sources */,
				7A4DFEC21D6BE57200E858FE /* lmathlib.c in Sources */,
				7A65F5281D6C35D400A680CA /* AssetPipelineOsFuncs_Mac.mm in Sources */,
				7A4DFEBE1D6BE56500E858FE /* lgc.c in Sources */,
				7A4DFEB61D6BE54E00E858FE /* lauxlib.c in Sources */,
				7A4DFEAE1D6BE48000E858FE /* IPCActions.swift in Sources */,
				7A4DFEC81D6BE58800E858FE /* lparser.c in Sources */,
				7A4DFECC1D6BE59200E858FE /* ltable.c in Sources */,
			);
			runOnlyForDeploymentPostprocessing = 0;
		};
/* End PBXSourcesBuildPhase section */

/* Begin PBXTargetDependency section */
		7A4DFEB31D6BE51D00E858FE /* PBXTargetDependency */ = {
			isa = PBXTargetDependency;
			target = 7A4DFE7F1D6BE40A00E858FE /* Asset Pipeline Helper */;
			targetProxy = 7A4DFEB21D6BE51D00E858FE /* PBXContainerItemProxy */;
		};
/* End PBXTargetDependency section */

/* Begin PBXVariantGroup section */
		7A4DFE931D6BE44700E858FE /* MainMenu.xib */ = {
			isa = PBXVariantGroup;
			children = (
				7A4DFE941D6BE44700E858FE /* Base */,
			);
			name = MainMenu.xib;
			sourceTree = "<group>";
		};
		7A4DFE9B1D6BE44E00E858FE /* MainMenu.xib */ = {
			isa = PBXVariantGroup;
			children = (
				7A4DFE9C1D6BE44E00E858FE /* Base */,
			);
			name = MainMenu.xib;
			sourceTree = "<group>";
		};
/* End PBXVariantGroup section */

/* Begin XCBuildConfiguration section */
		7A24849F1D46D83C00C61397 /* Debug */ = {
			isa = XCBuildConfiguration;
			buildSettings = {
				ALWAYS_SEARCH_USER_PATHS = NO;
				CLANG_ANALYZER_NONNULL = YES;
				CLANG_CXX_LANGUAGE_STANDARD = "gnu++0x";
				CLANG_CXX_LIBRARY = "libc++";
				CLANG_ENABLE_MODULES = YES;
				CLANG_ENABLE_OBJC_ARC = YES;
				CLANG_WARN_BOOL_CONVERSION = YES;
				CLANG_WARN_CONSTANT_CONVERSION = YES;
				CLANG_WARN_DIRECT_OBJC_ISA_USAGE = YES_ERROR;
				CLANG_WARN_EMPTY_BODY = YES;
				CLANG_WARN_ENUM_CONVERSION = YES;
				CLANG_WARN_INT_CONVERSION = YES;
				CLANG_WARN_OBJC_ROOT_CLASS = YES_ERROR;
				CLANG_WARN_UNREACHABLE_CODE = YES;
				CLANG_WARN__DUPLICATE_METHOD_MATCH = YES;
				CODE_SIGN_IDENTITY = "-";
				COPY_PHASE_STRIP = NO;
				DEBUG_INFORMATION_FORMAT = dwarf;
				ENABLE_STRICT_OBJC_MSGSEND = YES;
				ENABLE_TESTABILITY = YES;
				GCC_C_LANGUAGE_STANDARD = gnu99;
				GCC_DYNAMIC_NO_PIC = NO;
				GCC_NO_COMMON_BLOCKS = YES;
				GCC_OPTIMIZATION_LEVEL = 0;
				GCC_PREPROCESSOR_DEFINITIONS = (
					"DEBUG=1",
					"$(inherited)",
				);
				GCC_WARN_64_TO_32_BIT_CONVERSION = YES;
				GCC_WARN_ABOUT_RETURN_TYPE = YES_ERROR;
				GCC_WARN_UNDECLARED_SELECTOR = YES;
				GCC_WARN_UNINITIALIZED_AUTOS = YES_AGGRESSIVE;
				GCC_WARN_UNUSED_FUNCTION = YES;
				GCC_WARN_UNUSED_VARIABLE = YES;
				HEADER_SEARCH_PATHS = (
					"$(SRCROOT)/../Source/lua/etc",
					"$(SRCROOT)/../Source/lua/src",
					"$(SRCROOT)/../Source",
				);
				MACOSX_DEPLOYMENT_TARGET = 10.11;
				MTL_ENABLE_DEBUG_INFO = YES;
				ONLY_ACTIVE_ARCH = YES;
				SDKROOT = macosx;
				SWIFT_OBJC_BRIDGING_HEADER = "$(SRCROOT)/../Source/Mac/AssetPipeline-Bridging-Header.h";
				SWIFT_OPTIMIZATION_LEVEL = "-Onone";
				USER_HEADER_SEARCH_PATHS = "$(SRCROOT)/Source";
			};
			name = Debug;
		};
		7A2484A01D46D83C00C61397 /* Release */ = {
			isa = XCBuildConfiguration;
			buildSettings = {
				ALWAYS_SEARCH_USER_PATHS = NO;
				CLANG_ANALYZER_NONNULL = YES;
				CLANG_CXX_LANGUAGE_STANDARD = "gnu++0x";
				CLANG_CXX_LIBRARY = "libc++";
				CLANG_ENABLE_MODULES = YES;
				CLANG_ENABLE_OBJC_ARC = YES;
				CLANG_WARN_BOOL_CONVERSION = YES;
				CLANG_WARN_CONSTANT_CONVERSION = YES;
				CLANG_WARN_DIRECT_OBJC_ISA_USAGE = YES_ERROR;
				CLANG_WARN_EMPTY_BODY = YES;
				CLANG_WARN_ENUM_CONVERSION = YES;
				CLANG_WARN_INT_CONVERSION = YES;
				CLANG_WARN_OBJC_ROOT_CLASS = YES_ERROR;
				CLANG_WARN_UNREACHABLE_CODE = YES;
				CLANG_WARN__DUPLICATE_METHOD_MATCH = YES;
				CODE_SIGN_IDENTITY = "-";
				COPY_PHASE_STRIP = NO;
				DEBUG_INFORMATION_FORMAT = "dwarf-with-dsym";
				ENABLE_NS_ASSERTIONS = NO;
				ENABLE_STRICT_OBJC_MSGSEND = YES;
				GCC_C_LANGUAGE_STANDARD = gnu99;
				GCC_NO_COMMON_BLOCKS = YES;
				GCC_WARN_64_TO_32_BIT_CONVERSION = YES;
				GCC_WARN_ABOUT_RETURN_TYPE = YES_ERROR;
				GCC_WARN_UNDECLARED_SELECTOR = YES;
				GCC_WARN_UNINITIALIZED_AUTOS = YES_AGGRESSIVE;
				GCC_WARN_UNUSED_FUNCTION = YES;
				GCC_WARN_UNUSED_VARIABLE = YES;
				HEADER_SEARCH_PATHS = (
					"$(SRCROOT)/../Source/lua/etc",
					"$(SRCROOT)/../Source/lua/src",
					"$(SRCROOT)/../Source",
				);
				MACOSX_DEPLOYMENT_TARGET = 10.11;
				MTL_ENABLE_DEBUG_INFO = NO;
				SDKROOT = macosx;
				SWIFT_OBJC_BRIDGING_HEADER = "$(SRCROOT)/../Source/Mac/AssetPipeline-Bridging-Header.h";
				USER_HEADER_SEARCH_PATHS = "$(SRCROOT)/Source";
			};
			name = Release;
		};
		7A2484A21D46D83C00C61397 /* Debug */ = {
			isa = XCBuildConfiguration;
			buildSettings = {
				ASSETCATALOG_COMPILER_APPICON_NAME = AppIcon;
				COMBINE_HIDPI_IMAGES = YES;
				INFOPLIST_FILE = MenuApp/Info.plist;
				LD_RUNPATH_SEARCH_PATHS = "$(inherited) @executable_path/../Frameworks";
				PRODUCT_BUNDLE_IDENTIFIER = "mycompany.Asset-Pipeline";
				PRODUCT_NAME = "$(TARGET_NAME)";
			};
			name = Debug;
		};
		7A2484A31D46D83C00C61397 /* Release */ = {
			isa = XCBuildConfiguration;
			buildSettings = {
				ASSETCATALOG_COMPILER_APPICON_NAME = AppIcon;
				COMBINE_HIDPI_IMAGES = YES;
				INFOPLIST_FILE = MenuApp/Info.plist;
				LD_RUNPATH_SEARCH_PATHS = "$(inherited) @executable_path/../Frameworks";
				PRODUCT_BUNDLE_IDENTIFIER = "mycompany.Asset-Pipeline";
				PRODUCT_NAME = "$(TARGET_NAME)";
			};
			name = Release;
		};
		7A4DFE8E1D6BE40A00E858FE /* Debug */ = {
			isa = XCBuildConfiguration;
			buildSettings = {
				ASSETCATALOG_COMPILER_APPICON_NAME = AppIcon;
				CLANG_ENABLE_MODULES = YES;
				COMBINE_HIDPI_IMAGES = YES;
				INFOPLIST_FILE = Helper/Info.plist;
				LD_RUNPATH_SEARCH_PATHS = "$(inherited) @executable_path/../Frameworks";
				PRODUCT_BUNDLE_IDENTIFIER = "mycompany.Asset-Pipeline-Helper";
				PRODUCT_NAME = "$(TARGET_NAME)";
				SWIFT_OPTIMIZATION_LEVEL = "-Onone";
			};
			name = Debug;
		};
		7A4DFE8F1D6BE40A00E858FE /* Release */ = {
			isa = XCBuildConfiguration;
			buildSettings = {
				ASSETCATALOG_COMPILER_APPICON_NAME = AppIcon;
				CLANG_ENABLE_MODULES = YES;
				COMBINE_HIDPI_IMAGES = YES;
				INFOPLIST_FILE = Helper/Info.plist;
				LD_RUNPATH_SEARCH_PATHS = "$(inherited) @executable_path/../Frameworks";
				PRODUCT_BUNDLE_IDENTIFIER = "mycompany.Asset-Pipeline-Helper";
				PRODUCT_NAME = "$(TARGET_NAME)";
			};
			name = Release;
		};
/* End XCBuildConfiguration section */

/* Begin XCConfigurationList section */
		7A24848F1D46D83C00C61397 /* Build configuration list for PBXProject "Asset Pipeline" */ = {
			isa = XCConfigurationList;
			buildConfigurations = (
				7A24849F1D46D83C00C61397 /* Debug */,
				7A2484A01D46D83C00C61397 /* Release */,
			);
			defaultConfigurationIsVisible = 0;
			defaultConfigurationName = Release;
		};
		7A2484A11D46D83C00C61397 /* Build configuration list for PBXNativeTarget "Asset Pipeline" */ = {
			isa = XCConfigurationList;
			buildConfigurations = (
				7A2484A21D46D83C00C61397 /* Debug */,
				7A2484A31D46D83C00C61397 /* Release */,
			);
			defaultConfigurationIsVisible = 0;
			defaultConfigurationName = Release;
		};
		7A4DFE901D6BE40A00E858FE /* Build configuration list for PBXNativeTarget "Asset Pipeline Helper" */ = {
			isa = XCConfigurationList;
			buildConfigurations = (
				7A4DFE8E1D6BE40A00E858FE /* Debug */,
				7A4DFE8F1D6BE40A00E858FE /* Release */,
			);
			defaultConfigurationIsVisible = 0;
			defaultConfigurationName = Release;
		};
/* End XCConfigurationList section */
	};
	rootObject = 7A24848C1D46D83C00C61397 /* Project object */;
}
