// !$*UTF8*$!
{
	archiveVersion = 1;
	classes = {
	};
	objectVersion = 46;
	objects = {

/* Begin PBXBuildFile section */
		7A4DFEB11D6BE51900E858FE /* Asset Pipeline Helper.app in Resources */ = {isa = PBXBuildFile; fileRef = 7A4DFE801D6BE40A00E858FE /* Asset Pipeline Helper.app */; };
		7A7A46511DA07BA5001429B7 /* Debug_Mac.mm in Sources */ = {isa = PBXBuildFile; fileRef = 7A7A45EE1DA07BA5001429B7 /* Debug_Mac.mm */; };
		7A7A46521DA07BA5001429B7 /* Debug_Mac.mm in Sources */ = {isa = PBXBuildFile; fileRef = 7A7A45EE1DA07BA5001429B7 /* Debug_Mac.mm */; };
		7A7A46541DA07BA5001429B7 /* COPYRIGHT in Resources */ = {isa = PBXBuildFile; fileRef = 7A7A45F31DA07BA5001429B7 /* COPYRIGHT */; };
		7A7A46561DA07BA5001429B7 /* HISTORY in Resources */ = {isa = PBXBuildFile; fileRef = 7A7A45F61DA07BA5001429B7 /* HISTORY */; };
		7A7A46581DA07BA5001429B7 /* INSTALL in Resources */ = {isa = PBXBuildFile; fileRef = 7A7A45F71DA07BA5001429B7 /* INSTALL */; };
		7A7A465A1DA07BA5001429B7 /* README in Resources */ = {isa = PBXBuildFile; fileRef = 7A7A45F81DA07BA5001429B7 /* README */; };
		7A7A465B1DA07BA5001429B7 /* bit.c in Sources */ = {isa = PBXBuildFile; fileRef = 7A7A45FA1DA07BA5001429B7 /* bit.c */; };
		7A7A465C1DA07BA5001429B7 /* bit.c in Sources */ = {isa = PBXBuildFile; fileRef = 7A7A45FA1DA07BA5001429B7 /* bit.c */; };
		7A7A465D1DA07BA5001429B7 /* lapi.c in Sources */ = {isa = PBXBuildFile; fileRef = 7A7A45FB1DA07BA5001429B7 /* lapi.c */; };
		7A7A465E1DA07BA5001429B7 /* lapi.c in Sources */ = {isa = PBXBuildFile; fileRef = 7A7A45FB1DA07BA5001429B7 /* lapi.c */; };
		7A7A465F1DA07BA5001429B7 /* lauxlib.c in Sources */ = {isa = PBXBuildFile; fileRef = 7A7A45FD1DA07BA5001429B7 /* lauxlib.c */; };
		7A7A46601DA07BA5001429B7 /* lauxlib.c in Sources */ = {isa = PBXBuildFile; fileRef = 7A7A45FD1DA07BA5001429B7 /* lauxlib.c */; };
		7A7A46611DA07BA5001429B7 /* lbaselib.c in Sources */ = {isa = PBXBuildFile; fileRef = 7A7A45FF1DA07BA5001429B7 /* lbaselib.c */; };
		7A7A46621DA07BA5001429B7 /* lbaselib.c in Sources */ = {isa = PBXBuildFile; fileRef = 7A7A45FF1DA07BA5001429B7 /* lbaselib.c */; };
		7A7A46631DA07BA5001429B7 /* lcode.c in Sources */ = {isa = PBXBuildFile; fileRef = 7A7A46001DA07BA5001429B7 /* lcode.c */; };
		7A7A46641DA07BA5001429B7 /* lcode.c in Sources */ = {isa = PBXBuildFile; fileRef = 7A7A46001DA07BA5001429B7 /* lcode.c */; };
		7A7A46651DA07BA5001429B7 /* ldblib.c in Sources */ = {isa = PBXBuildFile; fileRef = 7A7A46021DA07BA5001429B7 /* ldblib.c */; };
		7A7A46661DA07BA5001429B7 /* ldblib.c in Sources */ = {isa = PBXBuildFile; fileRef = 7A7A46021DA07BA5001429B7 /* ldblib.c */; };
		7A7A46671DA07BA5001429B7 /* ldebug.c in Sources */ = {isa = PBXBuildFile; fileRef = 7A7A46031DA07BA5001429B7 /* ldebug.c */; };
		7A7A46681DA07BA5001429B7 /* ldebug.c in Sources */ = {isa = PBXBuildFile; fileRef = 7A7A46031DA07BA5001429B7 /* ldebug.c */; };
		7A7A46691DA07BA5001429B7 /* ldo.c in Sources */ = {isa = PBXBuildFile; fileRef = 7A7A46051DA07BA5001429B7 /* ldo.c */; };
		7A7A466A1DA07BA5001429B7 /* ldo.c in Sources */ = {isa = PBXBuildFile; fileRef = 7A7A46051DA07BA5001429B7 /* ldo.c */; };
		7A7A466B1DA07BA5001429B7 /* ldump.c in Sources */ = {isa = PBXBuildFile; fileRef = 7A7A46071DA07BA5001429B7 /* ldump.c */; };
		7A7A466C1DA07BA5001429B7 /* ldump.c in Sources */ = {isa = PBXBuildFile; fileRef = 7A7A46071DA07BA5001429B7 /* ldump.c */; };
		7A7A466D1DA07BA5001429B7 /* lfunc.c in Sources */ = {isa = PBXBuildFile; fileRef = 7A7A46081DA07BA5001429B7 /* lfunc.c */; };
		7A7A466E1DA07BA5001429B7 /* lfunc.c in Sources */ = {isa = PBXBuildFile; fileRef = 7A7A46081DA07BA5001429B7 /* lfunc.c */; };
		7A7A466F1DA07BA5001429B7 /* lgc.c in Sources */ = {isa = PBXBuildFile; fileRef = 7A7A460A1DA07BA5001429B7 /* lgc.c */; };
		7A7A46701DA07BA5001429B7 /* lgc.c in Sources */ = {isa = PBXBuildFile; fileRef = 7A7A460A1DA07BA5001429B7 /* lgc.c */; };
		7A7A46711DA07BA5001429B7 /* linit.c in Sources */ = {isa = PBXBuildFile; fileRef = 7A7A460C1DA07BA5001429B7 /* linit.c */; };
		7A7A46721DA07BA5001429B7 /* linit.c in Sources */ = {isa = PBXBuildFile; fileRef = 7A7A460C1DA07BA5001429B7 /* linit.c */; };
		7A7A46731DA07BA5001429B7 /* liolib.c in Sources */ = {isa = PBXBuildFile; fileRef = 7A7A460D1DA07BA5001429B7 /* liolib.c */; };
		7A7A46741DA07BA5001429B7 /* liolib.c in Sources */ = {isa = PBXBuildFile; fileRef = 7A7A460D1DA07BA5001429B7 /* liolib.c */; };
		7A7A46751DA07BA5001429B7 /* llex.c in Sources */ = {isa = PBXBuildFile; fileRef = 7A7A460E1DA07BA5001429B7 /* llex.c */; };
		7A7A46761DA07BA5001429B7 /* llex.c in Sources */ = {isa = PBXBuildFile; fileRef = 7A7A460E1DA07BA5001429B7 /* llex.c */; };
		7A7A46771DA07BA5001429B7 /* lmathlib.c in Sources */ = {isa = PBXBuildFile; fileRef = 7A7A46111DA07BA5001429B7 /* lmathlib.c */; };
		7A7A46781DA07BA5001429B7 /* lmathlib.c in Sources */ = {isa = PBXBuildFile; fileRef = 7A7A46111DA07BA5001429B7 /* lmathlib.c */; };
		7A7A46791DA07BA5001429B7 /* lmem.c in Sources */ = {isa = PBXBuildFile; fileRef = 7A7A46121DA07BA5001429B7 /* lmem.c */; };
		7A7A467A1DA07BA5001429B7 /* lmem.c in Sources */ = {isa = PBXBuildFile; fileRef = 7A7A46121DA07BA5001429B7 /* lmem.c */; };
		7A7A467B1DA07BA5001429B7 /* loadlib.c in Sources */ = {isa = PBXBuildFile; fileRef = 7A7A46141DA07BA5001429B7 /* loadlib.c */; };
		7A7A467C1DA07BA5001429B7 /* loadlib.c in Sources */ = {isa = PBXBuildFile; fileRef = 7A7A46141DA07BA5001429B7 /* loadlib.c */; };
		7A7A467D1DA07BA5001429B7 /* lobject.c in Sources */ = {isa = PBXBuildFile; fileRef = 7A7A46151DA07BA5001429B7 /* lobject.c */; };
		7A7A467E1DA07BA5001429B7 /* lobject.c in Sources */ = {isa = PBXBuildFile; fileRef = 7A7A46151DA07BA5001429B7 /* lobject.c */; };
		7A7A467F1DA07BA5001429B7 /* lopcodes.c in Sources */ = {isa = PBXBuildFile; fileRef = 7A7A46171DA07BA5001429B7 /* lopcodes.c */; };
		7A7A46801DA07BA5001429B7 /* lopcodes.c in Sources */ = {isa = PBXBuildFile; fileRef = 7A7A46171DA07BA5001429B7 /* lopcodes.c */; };
		7A7A46811DA07BA5001429B7 /* loslib.c in Sources */ = {isa = PBXBuildFile; fileRef = 7A7A46191DA07BA5001429B7 /* loslib.c */; };
		7A7A46821DA07BA5001429B7 /* loslib.c in Sources */ = {isa = PBXBuildFile; fileRef = 7A7A46191DA07BA5001429B7 /* loslib.c */; };
		7A7A46831DA07BA5001429B7 /* lparser.c in Sources */ = {isa = PBXBuildFile; fileRef = 7A7A461A1DA07BA5001429B7 /* lparser.c */; };
		7A7A46841DA07BA5001429B7 /* lparser.c in Sources */ = {isa = PBXBuildFile; fileRef = 7A7A461A1DA07BA5001429B7 /* lparser.c */; };
		7A7A46851DA07BA5001429B7 /* lstate.c in Sources */ = {isa = PBXBuildFile; fileRef = 7A7A461C1DA07BA5001429B7 /* lstate.c */; };
		7A7A46861DA07BA5001429B7 /* lstate.c in Sources */ = {isa = PBXBuildFile; fileRef = 7A7A461C1DA07BA5001429B7 /* lstate.c */; };
		7A7A46871DA07BA5001429B7 /* lstring.c in Sources */ = {isa = PBXBuildFile; fileRef = 7A7A461E1DA07BA5001429B7 /* lstring.c */; };
		7A7A46881DA07BA5001429B7 /* lstring.c in Sources */ = {isa = PBXBuildFile; fileRef = 7A7A461E1DA07BA5001429B7 /* lstring.c */; };
		7A7A46891DA07BA5001429B7 /* lstrlib.c in Sources */ = {isa = PBXBuildFile; fileRef = 7A7A46201DA07BA5001429B7 /* lstrlib.c */; };
		7A7A468A1DA07BA5001429B7 /* lstrlib.c in Sources */ = {isa = PBXBuildFile; fileRef = 7A7A46201DA07BA5001429B7 /* lstrlib.c */; };
		7A7A468B1DA07BA5001429B7 /* ltable.c in Sources */ = {isa = PBXBuildFile; fileRef = 7A7A46211DA07BA5001429B7 /* ltable.c */; };
		7A7A468C1DA07BA5001429B7 /* ltable.c in Sources */ = {isa = PBXBuildFile; fileRef = 7A7A46211DA07BA5001429B7 /* ltable.c */; };
		7A7A468D1DA07BA5001429B7 /* ltablib.c in Sources */ = {isa = PBXBuildFile; fileRef = 7A7A46231DA07BA5001429B7 /* ltablib.c */; };
		7A7A468E1DA07BA5001429B7 /* ltablib.c in Sources */ = {isa = PBXBuildFile; fileRef = 7A7A46231DA07BA5001429B7 /* ltablib.c */; };
		7A7A468F1DA07BA5001429B7 /* ltm.c in Sources */ = {isa = PBXBuildFile; fileRef = 7A7A46241DA07BA5001429B7 /* ltm.c */; };
		7A7A46901DA07BA5001429B7 /* ltm.c in Sources */ = {isa = PBXBuildFile; fileRef = 7A7A46241DA07BA5001429B7 /* ltm.c */; };
		7A7A46911DA07BA5001429B7 /* lundump.c in Sources */ = {isa = PBXBuildFile; fileRef = 7A7A46291DA07BA5001429B7 /* lundump.c */; };
		7A7A46921DA07BA5001429B7 /* lundump.c in Sources */ = {isa = PBXBuildFile; fileRef = 7A7A46291DA07BA5001429B7 /* lundump.c */; };
		7A7A46931DA07BA5001429B7 /* lvm.c in Sources */ = {isa = PBXBuildFile; fileRef = 7A7A462B1DA07BA5001429B7 /* lvm.c */; };
		7A7A46941DA07BA5001429B7 /* lvm.c in Sources */ = {isa = PBXBuildFile; fileRef = 7A7A462B1DA07BA5001429B7 /* lvm.c */; };
		7A7A46951DA07BA5001429B7 /* lzio.c in Sources */ = {isa = PBXBuildFile; fileRef = 7A7A462D1DA07BA5001429B7 /* lzio.c */; };
		7A7A46961DA07BA5001429B7 /* lzio.c in Sources */ = {isa = PBXBuildFile; fileRef = 7A7A462D1DA07BA5001429B7 /* lzio.c */; };
		7A7A46971DA07BA5001429B7 /* print.c in Sources */ = {isa = PBXBuildFile; fileRef = 7A7A462F1DA07BA5001429B7 /* print.c */; };
		7A7A46981DA07BA5001429B7 /* print.c in Sources */ = {isa = PBXBuildFile; fileRef = 7A7A462F1DA07BA5001429B7 /* print.c */; };
		7A7A46991DA07BA5001429B7 /* AssetPipelineWrapper.mm in Sources */ = {isa = PBXBuildFile; fileRef = 7A7A46341DA07BA5001429B7 /* AssetPipelineWrapper.mm */; };
		7A7A469A1DA07BA5001429B7 /* AssetPipelineWrapper.mm in Sources */ = {isa = PBXBuildFile; fileRef = 7A7A46341DA07BA5001429B7 /* AssetPipelineWrapper.mm */; };
		7A7A469B1DA07BA5001429B7 /* IPCActions.swift in Sources */ = {isa = PBXBuildFile; fileRef = 7A7A46351DA07BA5001429B7 /* IPCActions.swift */; };
		7A7A469C1DA07BA5001429B7 /* IPCActions.swift in Sources */ = {isa = PBXBuildFile; fileRef = 7A7A46351DA07BA5001429B7 /* IPCActions.swift */; };
		7A7A469D1DA07BA5001429B7 /* IPCConnection.mm in Sources */ = {isa = PBXBuildFile; fileRef = 7A7A46371DA07BA5001429B7 /* IPCConnection.mm */; };
		7A7A469E1DA07BA5001429B7 /* IPCConnection.mm in Sources */ = {isa = PBXBuildFile; fileRef = 7A7A46371DA07BA5001429B7 /* IPCConnection.mm */; };
		7A7A469F1DA07BA5001429B7 /* ProjectDBConnWrapper.mm in Sources */ = {isa = PBXBuildFile; fileRef = 7A7A463A1DA07BA5001429B7 /* ProjectDBConnWrapper.mm */; };
		7A7A46A01DA07BA5001429B7 /* ProjectDBConnWrapper.mm in Sources */ = {isa = PBXBuildFile; fileRef = 7A7A463A1DA07BA5001429B7 /* ProjectDBConnWrapper.mm */; };
		7A7A46A11DA07BA5001429B7 /* FileSystemWatcher_Mac.cpp in Sources */ = {isa = PBXBuildFile; fileRef = 7A7A463D1DA07BA5001429B7 /* FileSystemWatcher_Mac.cpp */; };
		7A7A46A21DA07BA5001429B7 /* FileSystemWatcher_Mac.cpp in Sources */ = {isa = PBXBuildFile; fileRef = 7A7A463D1DA07BA5001429B7 /* FileSystemWatcher_Mac.cpp */; };
		7A7A46A31DA07BA5001429B7 /* TcpSocket.cpp in Sources */ = {isa = PBXBuildFile; fileRef = 7A7A463E1DA07BA5001429B7 /* TcpSocket.cpp */; };
		7A7A46A41DA07BA5001429B7 /* TcpSocket.cpp in Sources */ = {isa = PBXBuildFile; fileRef = 7A7A463E1DA07BA5001429B7 /* TcpSocket.cpp */; };
		7A7A46A51DA07BA5001429B7 /* AssetEventService.cpp in Sources */ = {isa = PBXBuildFile; fileRef = 7A7A46411DA07BA5001429B7 /* AssetEventService.cpp */; };
		7A7A46A61DA07BA5001429B7 /* AssetEventService.cpp in Sources */ = {isa = PBXBuildFile; fileRef = 7A7A46411DA07BA5001429B7 /* AssetEventService.cpp */; };
		7A7A46A71DA07BA5001429B7 /* AssetPipeline.cpp in Sources */ = {isa = PBXBuildFile; fileRef = 7A7A46431DA07BA5001429B7 /* AssetPipeline.cpp */; };
		7A7A46A81DA07BA5001429B7 /* AssetPipeline.cpp in Sources */ = {isa = PBXBuildFile; fileRef = 7A7A46431DA07BA5001429B7 /* AssetPipeline.cpp */; };
		7A7A46A91DA07BA5001429B7 /* AssetPipelineOsFuncs_Mac.mm in Sources */ = {isa = PBXBuildFile; fileRef = 7A7A46461DA07BA5001429B7 /* AssetPipelineOsFuncs_Mac.mm */; };
		7A7A46AA1DA07BA5001429B7 /* AssetPipelineOsFuncs_Mac.mm in Sources */ = {isa = PBXBuildFile; fileRef = 7A7A46461DA07BA5001429B7 /* AssetPipelineOsFuncs_Mac.mm */; };
		7A7A46AB1DA07BA5001429B7 /* Process_posix.cpp in Sources */ = {isa = PBXBuildFile; fileRef = 7A7A46481DA07BA5001429B7 /* Process_posix.cpp */; };
		7A7A46AC1DA07BA5001429B7 /* Process_posix.cpp in Sources */ = {isa = PBXBuildFile; fileRef = 7A7A46481DA07BA5001429B7 /* Process_posix.cpp */; };
		7A7A46AD1DA07BA5001429B7 /* ProjectDBConn.cpp in Sources */ = {isa = PBXBuildFile; fileRef = 7A7A46491DA07BA5001429B7 /* ProjectDBConn.cpp */; };
		7A7A46AE1DA07BA5001429B7 /* ProjectDBConn.cpp in Sources */ = {isa = PBXBuildFile; fileRef = 7A7A46491DA07BA5001429B7 /* ProjectDBConn.cpp */; };
		7A7A46AF1DA07BA5001429B7 /* StrUtils.cpp in Sources */ = {isa = PBXBuildFile; fileRef = 7A7A464B1DA07BA5001429B7 /* StrUtils.cpp */; };
		7A7A46B01DA07BA5001429B7 /* StrUtils.cpp in Sources */ = {isa = PBXBuildFile; fileRef = 7A7A464B1DA07BA5001429B7 /* StrUtils.cpp */; };
		7A7A46B11DA07BA5001429B7 /* sqlite3.c in Sources */ = {isa = PBXBuildFile; fileRef = 7A7A464E1DA07BA5001429B7 /* sqlite3.c */; };
		7A7A46B21DA07BA5001429B7 /* sqlite3.c in Sources */ = {isa = PBXBuildFile; fileRef = 7A7A464E1DA07BA5001429B7 /* sqlite3.c */; };
		7A7A46BC1DA07BCA001429B7 /* Assets.xcassets in Resources */ = {isa = PBXBuildFile; fileRef = 7A7A46B51DA07BCA001429B7 /* Assets.xcassets */; };
		7A7A46BD1DA07BCA001429B7 /* MainMenu.xib in Resources */ = {isa = PBXBuildFile; fileRef = 7A7A46B61DA07BCA001429B7 /* MainMenu.xib */; };
		7A7A46BF1DA07BCA001429B7 /* AppDelegate.swift in Sources */ = {isa = PBXBuildFile; fileRef = 7A7A46BB1DA07BCA001429B7 /* AppDelegate.swift */; };
		7A7A46CA1DA07BD4001429B7 /* Assets.xcassets in Resources */ = {isa = PBXBuildFile; fileRef = 7A7A46C21DA07BD4001429B7 /* Assets.xcassets */; };
		7A7A46CB1DA07BD4001429B7 /* MainMenu.xib in Resources */ = {isa = PBXBuildFile; fileRef = 7A7A46C31DA07BD4001429B7 /* MainMenu.xib */; };
		7A7A46CC1DA07BD4001429B7 /* Info.plist in Resources */ = {isa = PBXBuildFile; fileRef = 7A7A46C51DA07BD4001429B7 /* Info.plist */; };
		7A7A46CD1DA07BD4001429B7 /* HelperAppDelegate.swift in Sources */ = {isa = PBXBuildFile; fileRef = 7A7A46C81DA07BD4001429B7 /* HelperAppDelegate.swift */; };
		7A7A46CE1DA07BD4001429B7 /* ProjectsWindowController.swift in Sources */ = {isa = PBXBuildFile; fileRef = 7A7A46C91DA07BD4001429B7 /* ProjectsWindowController.swift */; };
		7A8D8A651D6D154A00886730 /* buildsystem.lua in Resources */ = {isa = PBXBuildFile; fileRef = 7A8D8A631D6D153800886730 /* buildsystem.lua */; };
		7A8D8A661D6D154A00886730 /* list.lua in Resources */ = {isa = PBXBuildFile; fileRef = 7A8D8A641D6D153800886730 /* list.lua */; };
/* End PBXBuildFile section */

/* Begin PBXContainerItemProxy section */
		7A4DFEB21D6BE51D00E858FE /* PBXContainerItemProxy */ = {
			isa = PBXContainerItemProxy;
			containerPortal = 7A24848C1D46D83C00C61397 /* Project object */;
			proxyType = 1;
			remoteGlobalIDString = 7A4DFE7F1D6BE40A00E858FE;
			remoteInfo = "Asset Pipeline Helper";
		};
/* End PBXContainerItemProxy section */

/* Begin PBXFileReference section */
		7A2484941D46D83C00C61397 /* Asset Pipeline.app */ = {isa = PBXFileReference; explicitFileType = wrapper.application; includeInIndex = 0; path = "Asset Pipeline.app"; sourceTree = BUILT_PRODUCTS_DIR; };
		7A4DFE801D6BE40A00E858FE /* Asset Pipeline Helper.app */ = {isa = PBXFileReference; explicitFileType = wrapper.application; includeInIndex = 0; path = "Asset Pipeline Helper.app"; sourceTree = BUILT_PRODUCTS_DIR; };
		7A7A45ED1DA07BA5001429B7 /* Debug.h */ = {isa = PBXFileReference; fileEncoding = 4; lastKnownFileType = sourcecode.c.h; path = Debug.h; sourceTree = "<group>"; };
		7A7A45EE1DA07BA5001429B7 /* Debug_Mac.mm */ = {isa = PBXFileReference; fileEncoding = 4; lastKnownFileType = sourcecode.cpp.objcpp; path = Debug_Mac.mm; sourceTree = "<group>"; };
		7A7A45EF1DA07BA5001429B7 /* Endian.h */ = {isa = PBXFileReference; fileEncoding = 4; lastKnownFileType = sourcecode.c.h; path = Endian.h; sourceTree = "<group>"; };
		7A7A45F01DA07BA5001429B7 /* Macros.h */ = {isa = PBXFileReference; fileEncoding = 4; lastKnownFileType = sourcecode.c.h; path = Macros.h; sourceTree = "<group>"; };
		7A7A45F11DA07BA5001429B7 /* Types.h */ = {isa = PBXFileReference; fileEncoding = 4; lastKnownFileType = sourcecode.c.h; path = Types.h; sourceTree = "<group>"; };
		7A7A45F31DA07BA5001429B7 /* COPYRIGHT */ = {isa = PBXFileReference; fileEncoding = 4; lastKnownFileType = text; path = COPYRIGHT; sourceTree = "<group>"; };
		7A7A45F51DA07BA5001429B7 /* lua.hpp */ = {isa = PBXFileReference; fileEncoding = 4; lastKnownFileType = sourcecode.cpp.h; path = lua.hpp; sourceTree = "<group>"; };
		7A7A45F61DA07BA5001429B7 /* HISTORY */ = {isa = PBXFileReference; fileEncoding = 4; lastKnownFileType = text; path = HISTORY; sourceTree = "<group>"; };
		7A7A45F71DA07BA5001429B7 /* INSTALL */ = {isa = PBXFileReference; fileEncoding = 4; lastKnownFileType = text; path = INSTALL; sourceTree = "<group>"; };
		7A7A45F81DA07BA5001429B7 /* README */ = {isa = PBXFileReference; fileEncoding = 4; lastKnownFileType = text; path = README; sourceTree = "<group>"; };
		7A7A45FA1DA07BA5001429B7 /* bit.c */ = {isa = PBXFileReference; fileEncoding = 4; lastKnownFileType = sourcecode.c.c; path = bit.c; sourceTree = "<group>"; };
		7A7A45FB1DA07BA5001429B7 /* lapi.c */ = {isa = PBXFileReference; fileEncoding = 4; lastKnownFileType = sourcecode.c.c; path = lapi.c; sourceTree = "<group>"; };
		7A7A45FC1DA07BA5001429B7 /* lapi.h */ = {isa = PBXFileReference; fileEncoding = 4; lastKnownFileType = sourcecode.c.h; path = lapi.h; sourceTree = "<group>"; };
		7A7A45FD1DA07BA5001429B7 /* lauxlib.c */ = {isa = PBXFileReference; fileEncoding = 4; lastKnownFileType = sourcecode.c.c; path = lauxlib.c; sourceTree = "<group>"; };
		7A7A45FE1DA07BA5001429B7 /* lauxlib.h */ = {isa = PBXFileReference; fileEncoding = 4; lastKnownFileType = sourcecode.c.h; path = lauxlib.h; sourceTree = "<group>"; };
		7A7A45FF1DA07BA5001429B7 /* lbaselib.c */ = {isa = PBXFileReference; fileEncoding = 4; lastKnownFileType = sourcecode.c.c; path = lbaselib.c; sourceTree = "<group>"; };
		7A7A46001DA07BA5001429B7 /* lcode.c */ = {isa = PBXFileReference; fileEncoding = 4; lastKnownFileType = sourcecode.c.c; path = lcode.c; sourceTree = "<group>"; };
		7A7A46011DA07BA5001429B7 /* lcode.h */ = {isa = PBXFileReference; fileEncoding = 4; lastKnownFileType = sourcecode.c.h; path = lcode.h; sourceTree = "<group>"; };
		7A7A46021DA07BA5001429B7 /* ldblib.c */ = {isa = PBXFileReference; fileEncoding = 4; lastKnownFileType = sourcecode.c.c; path = ldblib.c; sourceTree = "<group>"; };
		7A7A46031DA07BA5001429B7 /* ldebug.c */ = {isa = PBXFileReference; fileEncoding = 4; lastKnownFileType = sourcecode.c.c; path = ldebug.c; sourceTree = "<group>"; };
		7A7A46041DA07BA5001429B7 /* ldebug.h */ = {isa = PBXFileReference; fileEncoding = 4; lastKnownFileType = sourcecode.c.h; path = ldebug.h; sourceTree = "<group>"; };
		7A7A46051DA07BA5001429B7 /* ldo.c */ = {isa = PBXFileReference; fileEncoding = 4; lastKnownFileType = sourcecode.c.c; path = ldo.c; sourceTree = "<group>"; };
		7A7A46061DA07BA5001429B7 /* ldo.h */ = {isa = PBXFileReference; fileEncoding = 4; lastKnownFileType = sourcecode.c.h; path = ldo.h; sourceTree = "<group>"; };
		7A7A46071DA07BA5001429B7 /* ldump.c */ = {isa = PBXFileReference; fileEncoding = 4; lastKnownFileType = sourcecode.c.c; path = ldump.c; sourceTree = "<group>"; };
		7A7A46081DA07BA5001429B7 /* lfunc.c */ = {isa = PBXFileReference; fileEncoding = 4; lastKnownFileType = sourcecode.c.c; path = lfunc.c; sourceTree = "<group>"; };
		7A7A46091DA07BA5001429B7 /* lfunc.h */ = {isa = PBXFileReference; fileEncoding = 4; lastKnownFileType = sourcecode.c.h; path = lfunc.h; sourceTree = "<group>"; };
		7A7A460A1DA07BA5001429B7 /* lgc.c */ = {isa = PBXFileReference; fileEncoding = 4; lastKnownFileType = sourcecode.c.c; path = lgc.c; sourceTree = "<group>"; };
		7A7A460B1DA07BA5001429B7 /* lgc.h */ = {isa = PBXFileReference; fileEncoding = 4; lastKnownFileType = sourcecode.c.h; path = lgc.h; sourceTree = "<group>"; };
		7A7A460C1DA07BA5001429B7 /* linit.c */ = {isa = PBXFileReference; fileEncoding = 4; lastKnownFileType = sourcecode.c.c; path = linit.c; sourceTree = "<group>"; };
		7A7A460D1DA07BA5001429B7 /* liolib.c */ = {isa = PBXFileReference; fileEncoding = 4; lastKnownFileType = sourcecode.c.c; path = liolib.c; sourceTree = "<group>"; };
		7A7A460E1DA07BA5001429B7 /* llex.c */ = {isa = PBXFileReference; fileEncoding = 4; lastKnownFileType = sourcecode.c.c; path = llex.c; sourceTree = "<group>"; };
		7A7A460F1DA07BA5001429B7 /* llex.h */ = {isa = PBXFileReference; fileEncoding = 4; lastKnownFileType = sourcecode.c.h; path = llex.h; sourceTree = "<group>"; };
		7A7A46101DA07BA5001429B7 /* llimits.h */ = {isa = PBXFileReference; fileEncoding = 4; lastKnownFileType = sourcecode.c.h; path = llimits.h; sourceTree = "<group>"; };
		7A7A46111DA07BA5001429B7 /* lmathlib.c */ = {isa = PBXFileReference; fileEncoding = 4; lastKnownFileType = sourcecode.c.c; path = lmathlib.c; sourceTree = "<group>"; };
		7A7A46121DA07BA5001429B7 /* lmem.c */ = {isa = PBXFileReference; fileEncoding = 4; lastKnownFileType = sourcecode.c.c; path = lmem.c; sourceTree = "<group>"; };
		7A7A46131DA07BA5001429B7 /* lmem.h */ = {isa = PBXFileReference; fileEncoding = 4; lastKnownFileType = sourcecode.c.h; path = lmem.h; sourceTree = "<group>"; };
		7A7A46141DA07BA5001429B7 /* loadlib.c */ = {isa = PBXFileReference; fileEncoding = 4; lastKnownFileType = sourcecode.c.c; path = loadlib.c; sourceTree = "<group>"; };
		7A7A46151DA07BA5001429B7 /* lobject.c */ = {isa = PBXFileReference; fileEncoding = 4; lastKnownFileType = sourcecode.c.c; path = lobject.c; sourceTree = "<group>"; };
		7A7A46161DA07BA5001429B7 /* lobject.h */ = {isa = PBXFileReference; fileEncoding = 4; lastKnownFileType = sourcecode.c.h; path = lobject.h; sourceTree = "<group>"; };
		7A7A46171DA07BA5001429B7 /* lopcodes.c */ = {isa = PBXFileReference; fileEncoding = 4; lastKnownFileType = sourcecode.c.c; path = lopcodes.c; sourceTree = "<group>"; };
		7A7A46181DA07BA5001429B7 /* lopcodes.h */ = {isa = PBXFileReference; fileEncoding = 4; lastKnownFileType = sourcecode.c.h; path = lopcodes.h; sourceTree = "<group>"; };
		7A7A46191DA07BA5001429B7 /* loslib.c */ = {isa = PBXFileReference; fileEncoding = 4; lastKnownFileType = sourcecode.c.c; path = loslib.c; sourceTree = "<group>"; };
		7A7A461A1DA07BA5001429B7 /* lparser.c */ = {isa = PBXFileReference; fileEncoding = 4; lastKnownFileType = sourcecode.c.c; path = lparser.c; sourceTree = "<group>"; };
		7A7A461B1DA07BA5001429B7 /* lparser.h */ = {isa = PBXFileReference; fileEncoding = 4; lastKnownFileType = sourcecode.c.h; path = lparser.h; sourceTree = "<group>"; };
		7A7A461C1DA07BA5001429B7 /* lstate.c */ = {isa = PBXFileReference; fileEncoding = 4; lastKnownFileType = sourcecode.c.c; path = lstate.c; sourceTree = "<group>"; };
		7A7A461D1DA07BA5001429B7 /* lstate.h */ = {isa = PBXFileReference; fileEncoding = 4; lastKnownFileType = sourcecode.c.h; path = lstate.h; sourceTree = "<group>"; };
		7A7A461E1DA07BA5001429B7 /* lstring.c */ = {isa = PBXFileReference; fileEncoding = 4; lastKnownFileType = sourcecode.c.c; path = lstring.c; sourceTree = "<group>"; };
		7A7A461F1DA07BA5001429B7 /* lstring.h */ = {isa = PBXFileReference; fileEncoding = 4; lastKnownFileType = sourcecode.c.h; path = lstring.h; sourceTree = "<group>"; };
		7A7A46201DA07BA5001429B7 /* lstrlib.c */ = {isa = PBXFileReference; fileEncoding = 4; lastKnownFileType = sourcecode.c.c; path = lstrlib.c; sourceTree = "<group>"; };
		7A7A46211DA07BA5001429B7 /* ltable.c */ = {isa = PBXFileReference; fileEncoding = 4; lastKnownFileType = sourcecode.c.c; path = ltable.c; sourceTree = "<group>"; };
		7A7A46221DA07BA5001429B7 /* ltable.h */ = {isa = PBXFileReference; fileEncoding = 4; lastKnownFileType = sourcecode.c.h; path = ltable.h; sourceTree = "<group>"; };
		7A7A46231DA07BA5001429B7 /* ltablib.c */ = {isa = PBXFileReference; fileEncoding = 4; lastKnownFileType = sourcecode.c.c; path = ltablib.c; sourceTree = "<group>"; };
		7A7A46241DA07BA5001429B7 /* ltm.c */ = {isa = PBXFileReference; fileEncoding = 4; lastKnownFileType = sourcecode.c.c; path = ltm.c; sourceTree = "<group>"; };
		7A7A46251DA07BA5001429B7 /* ltm.h */ = {isa = PBXFileReference; fileEncoding = 4; lastKnownFileType = sourcecode.c.h; path = ltm.h; sourceTree = "<group>"; };
		7A7A46261DA07BA5001429B7 /* lua.h */ = {isa = PBXFileReference; fileEncoding = 4; lastKnownFileType = sourcecode.c.h; path = lua.h; sourceTree = "<group>"; };
		7A7A46271DA07BA5001429B7 /* luaconf.h */ = {isa = PBXFileReference; fileEncoding = 4; lastKnownFileType = sourcecode.c.h; path = luaconf.h; sourceTree = "<group>"; };
		7A7A46281DA07BA5001429B7 /* lualib.h */ = {isa = PBXFileReference; fileEncoding = 4; lastKnownFileType = sourcecode.c.h; path = lualib.h; sourceTree = "<group>"; };
		7A7A46291DA07BA5001429B7 /* lundump.c */ = {isa = PBXFileReference; fileEncoding = 4; lastKnownFileType = sourcecode.c.c; path = lundump.c; sourceTree = "<group>"; };
		7A7A462A1DA07BA5001429B7 /* lundump.h */ = {isa = PBXFileReference; fileEncoding = 4; lastKnownFileType = sourcecode.c.h; path = lundump.h; sourceTree = "<group>"; };
		7A7A462B1DA07BA5001429B7 /* lvm.c */ = {isa = PBXFileReference; fileEncoding = 4; lastKnownFileType = sourcecode.c.c; path = lvm.c; sourceTree = "<group>"; };
		7A7A462C1DA07BA5001429B7 /* lvm.h */ = {isa = PBXFileReference; fileEncoding = 4; lastKnownFileType = sourcecode.c.h; path = lvm.h; sourceTree = "<group>"; };
		7A7A462D1DA07BA5001429B7 /* lzio.c */ = {isa = PBXFileReference; fileEncoding = 4; lastKnownFileType = sourcecode.c.c; path = lzio.c; sourceTree = "<group>"; };
		7A7A462E1DA07BA5001429B7 /* lzio.h */ = {isa = PBXFileReference; fileEncoding = 4; lastKnownFileType = sourcecode.c.h; path = lzio.h; sourceTree = "<group>"; };
		7A7A462F1DA07BA5001429B7 /* print.c */ = {isa = PBXFileReference; fileEncoding = 4; lastKnownFileType = sourcecode.c.c; path = print.c; sourceTree = "<group>"; };
		7A7A46311DA07BA5001429B7 /* AssetPipeline-Bridging-Header.h */ = {isa = PBXFileReference; fileEncoding = 4; lastKnownFileType = sourcecode.c.h; path = "AssetPipeline-Bridging-Header.h"; sourceTree = "<group>"; };
		7A7A46321DA07BA5001429B7 /* AssetPipelineMacDelegate.h */ = {isa = PBXFileReference; fileEncoding = 4; lastKnownFileType = sourcecode.c.h; path = AssetPipelineMacDelegate.h; sourceTree = "<group>"; };
		7A7A46331DA07BA5001429B7 /* AssetPipelineWrapper.h */ = {isa = PBXFileReference; fileEncoding = 4; lastKnownFileType = sourcecode.c.h; path = AssetPipelineWrapper.h; sourceTree = "<group>"; };
		7A7A46341DA07BA5001429B7 /* AssetPipelineWrapper.mm */ = {isa = PBXFileReference; fileEncoding = 4; lastKnownFileType = sourcecode.cpp.objcpp; path = AssetPipelineWrapper.mm; sourceTree = "<group>"; };
		7A7A46351DA07BA5001429B7 /* IPCActions.swift */ = {isa = PBXFileReference; fileEncoding = 4; lastKnownFileType = sourcecode.swift; path = IPCActions.swift; sourceTree = "<group>"; };
		7A7A46361DA07BA5001429B7 /* IPCConnection.h */ = {isa = PBXFileReference; fileEncoding = 4; lastKnownFileType = sourcecode.c.h; path = IPCConnection.h; sourceTree = "<group>"; };
		7A7A46371DA07BA5001429B7 /* IPCConnection.mm */ = {isa = PBXFileReference; fileEncoding = 4; lastKnownFileType = sourcecode.cpp.objcpp; path = IPCConnection.mm; sourceTree = "<group>"; };
		7A7A46381DA07BA5001429B7 /* IPCConnectionDelegate.h */ = {isa = PBXFileReference; fileEncoding = 4; lastKnownFileType = sourcecode.c.h; path = IPCConnectionDelegate.h; sourceTree = "<group>"; };
		7A7A46391DA07BA5001429B7 /* ProjectDBConnWrapper.h */ = {isa = PBXFileReference; fileEncoding = 4; lastKnownFileType = sourcecode.c.h; path = ProjectDBConnWrapper.h; sourceTree = "<group>"; };
		7A7A463A1DA07BA5001429B7 /* ProjectDBConnWrapper.mm */ = {isa = PBXFileReference; fileEncoding = 4; lastKnownFileType = sourcecode.cpp.objcpp; path = ProjectDBConnWrapper.mm; sourceTree = "<group>"; };
		7A7A463C1DA07BA5001429B7 /* FileSystemWatcher.h */ = {isa = PBXFileReference; fileEncoding = 4; lastKnownFileType = sourcecode.c.h; path = FileSystemWatcher.h; sourceTree = "<group>"; };
		7A7A463D1DA07BA5001429B7 /* FileSystemWatcher_Mac.cpp */ = {isa = PBXFileReference; fileEncoding = 4; lastKnownFileType = sourcecode.cpp.cpp; path = FileSystemWatcher_Mac.cpp; sourceTree = "<group>"; };
		7A7A463E1DA07BA5001429B7 /* TcpSocket.cpp */ = {isa = PBXFileReference; fileEncoding = 4; lastKnownFileType = sourcecode.cpp.cpp; path = TcpSocket.cpp; sourceTree = "<group>"; };
		7A7A463F1DA07BA5001429B7 /* TcpSocket.h */ = {isa = PBXFileReference; fileEncoding = 4; lastKnownFileType = sourcecode.c.h; path = TcpSocket.h; sourceTree = "<group>"; };
		7A7A46411DA07BA5001429B7 /* AssetEventService.cpp */ = {isa = PBXFileReference; fileEncoding = 4; lastKnownFileType = sourcecode.cpp.cpp; path = AssetEventService.cpp; sourceTree = "<group>"; };
		7A7A46421DA07BA5001429B7 /* AssetEventService.h */ = {isa = PBXFileReference; fileEncoding = 4; lastKnownFileType = sourcecode.c.h; path = AssetEventService.h; sourceTree = "<group>"; };
		7A7A46431DA07BA5001429B7 /* AssetPipeline.cpp */ = {isa = PBXFileReference; fileEncoding = 4; lastKnownFileType = sourcecode.cpp.cpp; path = AssetPipeline.cpp; sourceTree = "<group>"; };
		7A7A46441DA07BA5001429B7 /* AssetPipeline.h */ = {isa = PBXFileReference; fileEncoding = 4; lastKnownFileType = sourcecode.c.h; path = AssetPipeline.h; sourceTree = "<group>"; };
		7A7A46451DA07BA5001429B7 /* AssetPipelineOsFuncs.h */ = {isa = PBXFileReference; fileEncoding = 4; lastKnownFileType = sourcecode.c.h; path = AssetPipelineOsFuncs.h; sourceTree = "<group>"; };
		7A7A46461DA07BA5001429B7 /* AssetPipelineOsFuncs_Mac.mm */ = {isa = PBXFileReference; fileEncoding = 4; lastKnownFileType = sourcecode.cpp.objcpp; path = AssetPipelineOsFuncs_Mac.mm; sourceTree = "<group>"; };
		7A7A46471DA07BA5001429B7 /* Process.h */ = {isa = PBXFileReference; fileEncoding = 4; lastKnownFileType = sourcecode.c.h; path = Process.h; sourceTree = "<group>"; };
		7A7A46481DA07BA5001429B7 /* Process_posix.cpp */ = {isa = PBXFileReference; fileEncoding = 4; lastKnownFileType = sourcecode.cpp.cpp; path = Process_posix.cpp; sourceTree = "<group>"; };
		7A7A46491DA07BA5001429B7 /* ProjectDBConn.cpp */ = {isa = PBXFileReference; fileEncoding = 4; lastKnownFileType = sourcecode.cpp.cpp; path = ProjectDBConn.cpp; sourceTree = "<group>"; };
		7A7A464A1DA07BA5001429B7 /* ProjectDBConn.h */ = {isa = PBXFileReference; fileEncoding = 4; lastKnownFileType = sourcecode.c.h; path = ProjectDBConn.h; sourceTree = "<group>"; };
		7A7A464B1DA07BA5001429B7 /* StrUtils.cpp */ = {isa = PBXFileReference; fileEncoding = 4; lastKnownFileType = sourcecode.cpp.cpp; path = StrUtils.cpp; sourceTree = "<group>"; };
		7A7A464C1DA07BA5001429B7 /* StrUtils.h */ = {isa = PBXFileReference; fileEncoding = 4; lastKnownFileType = sourcecode.c.h; path = StrUtils.h; sourceTree = "<group>"; };
		7A7A464E1DA07BA5001429B7 /* sqlite3.c */ = {isa = PBXFileReference; fileEncoding = 4; lastKnownFileType = sourcecode.c.c; path = sqlite3.c; sourceTree = "<group>"; };
		7A7A464F1DA07BA5001429B7 /* sqlite3.h */ = {isa = PBXFileReference; fileEncoding = 4; lastKnownFileType = sourcecode.c.h; path = sqlite3.h; sourceTree = "<group>"; };
		7A7A46501DA07BA5001429B7 /* sqlite3ext.h */ = {isa = PBXFileReference; fileEncoding = 4; lastKnownFileType = sourcecode.c.h; path = sqlite3ext.h; sourceTree = "<group>"; };
		7A7A46B51DA07BCA001429B7 /* Assets.xcassets */ = {isa = PBXFileReference; lastKnownFileType = folder.assetcatalog; path = Assets.xcassets; sourceTree = "<group>"; };
		7A7A46B71DA07BCA001429B7 /* Base */ = {isa = PBXFileReference; lastKnownFileType = file.xib; name = Base; path = Base.lproj/MainMenu.xib; sourceTree = "<group>"; };
		7A7A46B81DA07BCA001429B7 /* Info.plist */ = {isa = PBXFileReference; fileEncoding = 4; lastKnownFileType = text.plist.xml; path = Info.plist; sourceTree = "<group>"; };
		7A7A46BB1DA07BCA001429B7 /* AppDelegate.swift */ = {isa = PBXFileReference; fileEncoding = 4; lastKnownFileType = sourcecode.swift; path = AppDelegate.swift; sourceTree = "<group>"; };
		7A7A46C21DA07BD4001429B7 /* Assets.xcassets */ = {isa = PBXFileReference; lastKnownFileType = folder.assetcatalog; path = Assets.xcassets; sourceTree = "<group>"; };
		7A7A46C41DA07BD4001429B7 /* Base */ = {isa = PBXFileReference; lastKnownFileType = file.xib; name = Base; path = Base.lproj/MainMenu.xib; sourceTree = "<group>"; };
		7A7A46C51DA07BD4001429B7 /* Info.plist */ = {isa = PBXFileReference; fileEncoding = 4; lastKnownFileType = text.plist.xml; path = Info.plist; sourceTree = "<group>"; };
		7A7A46C81DA07BD4001429B7 /* HelperAppDelegate.swift */ = {isa = PBXFileReference; fileEncoding = 4; lastKnownFileType = sourcecode.swift; path = HelperAppDelegate.swift; sourceTree = "<group>"; };
		7A7A46C91DA07BD4001429B7 /* ProjectsWindowController.swift */ = {isa = PBXFileReference; fileEncoding = 4; lastKnownFileType = sourcecode.swift; path = ProjectsWindowController.swift; sourceTree = "<group>"; };
		7A8D8A631D6D153800886730 /* buildsystem.lua */ = {isa = PBXFileReference; lastKnownFileType = text; path = buildsystem.lua; sourceTree = "<group>"; };
		7A8D8A641D6D153800886730 /* list.lua */ = {isa = PBXFileReference; lastKnownFileType = text; path = list.lua; sourceTree = "<group>"; };
/* End PBXFileReference section */

/* Begin PBXFrameworksBuildPhase section */
		7A2484911D46D83C00C61397 /* Frameworks */ = {
			isa = PBXFrameworksBuildPhase;
			buildActionMask = 2147483647;
			files = (
			);
			runOnlyForDeploymentPostprocessing = 0;
		};
		7A4DFE7D1D6BE40A00E858FE /* Frameworks */ = {
			isa = PBXFrameworksBuildPhase;
			buildActionMask = 2147483647;
			files = (
			);
			runOnlyForDeploymentPostprocessing = 0;
		};
/* End PBXFrameworksBuildPhase section */

/* Begin PBXGroup section */
		7A24848B1D46D83C00C61397 = {
			isa = PBXGroup;
			children = (
				7A7A45EA1DA07BA5001429B7 /* Common */,
				7A7A46C01DA07BD4001429B7 /* Helper */,
				7A7A46B31DA07BCA001429B7 /* MainApp */,
				7A8D8A621D6D153800886730 /* Scripts */,
				7A2484951D46D83C00C61397 /* Products */,
			);
			sourceTree = "<group>";
		};
		7A2484951D46D83C00C61397 /* Products */ = {
			isa = PBXGroup;
			children = (
				7A2484941D46D83C00C61397 /* Asset Pipeline.app */,
				7A4DFE801D6BE40A00E858FE /* Asset Pipeline Helper.app */,
			);
			name = Products;
			sourceTree = "<group>";
		};
		7A7A45EA1DA07BA5001429B7 /* Common */ = {
			isa = PBXGroup;
			children = (
				7A7A45EB1DA07BA5001429B7 /* Source */,
			);
			name = Common;
			path = ../Common;
			sourceTree = "<group>";
		};
		7A7A45EB1DA07BA5001429B7 /* Source */ = {
			isa = PBXGroup;
			children = (
				7A7A45EC1DA07BA5001429B7 /* Core */,
				7A7A45F21DA07BA5001429B7 /* lua */,
				7A7A46301DA07BA5001429B7 /* Mac */,
				7A7A463B1DA07BA5001429B7 /* Os */,
				7A7A46401DA07BA5001429B7 /* Pipeline */,
				7A7A464D1DA07BA5001429B7 /* sqlite3 */,
			);
			path = Source;
			sourceTree = "<group>";
		};
		7A7A45EC1DA07BA5001429B7 /* Core */ = {
			isa = PBXGroup;
			children = (
				7A7A45ED1DA07BA5001429B7 /* Debug.h */,
				7A7A45EE1DA07BA5001429B7 /* Debug_Mac.mm */,
				7A7A45EF1DA07BA5001429B7 /* Endian.h */,
				7A7A45F01DA07BA5001429B7 /* Macros.h */,
				7A7A45F11DA07BA5001429B7 /* Types.h */,
			);
			path = Core;
			sourceTree = "<group>";
		};
		7A7A45F21DA07BA5001429B7 /* lua */ = {
			isa = PBXGroup;
			children = (
				7A7A45F31DA07BA5001429B7 /* COPYRIGHT */,
				7A7A45F41DA07BA5001429B7 /* etc */,
				7A7A45F61DA07BA5001429B7 /* HISTORY */,
				7A7A45F71DA07BA5001429B7 /* INSTALL */,
				7A7A45F81DA07BA5001429B7 /* README */,
				7A7A45F91DA07BA5001429B7 /* src */,
			);
			path = lua;
			sourceTree = "<group>";
		};
		7A7A45F41DA07BA5001429B7 /* etc */ = {
			isa = PBXGroup;
			children = (
				7A7A45F51DA07BA5001429B7 /* lua.hpp */,
			);
			path = etc;
			sourceTree = "<group>";
		};
		7A7A45F91DA07BA5001429B7 /* src */ = {
			isa = PBXGroup;
			children = (
				7A7A45FA1DA07BA5001429B7 /* bit.c */,
				7A7A45FB1DA07BA5001429B7 /* lapi.c */,
				7A7A45FC1DA07BA5001429B7 /* lapi.h */,
				7A7A45FD1DA07BA5001429B7 /* lauxlib.c */,
				7A7A45FE1DA07BA5001429B7 /* lauxlib.h */,
				7A7A45FF1DA07BA5001429B7 /* lbaselib.c */,
				7A7A46001DA07BA5001429B7 /* lcode.c */,
				7A7A46011DA07BA5001429B7 /* lcode.h */,
				7A7A46021DA07BA5001429B7 /* ldblib.c */,
				7A7A46031DA07BA5001429B7 /* ldebug.c */,
				7A7A46041DA07BA5001429B7 /* ldebug.h */,
				7A7A46051DA07BA5001429B7 /* ldo.c */,
				7A7A46061DA07BA5001429B7 /* ldo.h */,
				7A7A46071DA07BA5001429B7 /* ldump.c */,
				7A7A46081DA07BA5001429B7 /* lfunc.c */,
				7A7A46091DA07BA5001429B7 /* lfunc.h */,
				7A7A460A1DA07BA5001429B7 /* lgc.c */,
				7A7A460B1DA07BA5001429B7 /* lgc.h */,
				7A7A460C1DA07BA5001429B7 /* linit.c */,
				7A7A460D1DA07BA5001429B7 /* liolib.c */,
				7A7A460E1DA07BA5001429B7 /* llex.c */,
				7A7A460F1DA07BA5001429B7 /* llex.h */,
				7A7A46101DA07BA5001429B7 /* llimits.h */,
				7A7A46111DA07BA5001429B7 /* lmathlib.c */,
				7A7A46121DA07BA5001429B7 /* lmem.c */,
				7A7A46131DA07BA5001429B7 /* lmem.h */,
				7A7A46141DA07BA5001429B7 /* loadlib.c */,
				7A7A46151DA07BA5001429B7 /* lobject.c */,
				7A7A46161DA07BA5001429B7 /* lobject.h */,
				7A7A46171DA07BA5001429B7 /* lopcodes.c */,
				7A7A46181DA07BA5001429B7 /* lopcodes.h */,
				7A7A46191DA07BA5001429B7 /* loslib.c */,
				7A7A461A1DA07BA5001429B7 /* lparser.c */,
				7A7A461B1DA07BA5001429B7 /* lparser.h */,
				7A7A461C1DA07BA5001429B7 /* lstate.c */,
				7A7A461D1DA07BA5001429B7 /* lstate.h */,
				7A7A461E1DA07BA5001429B7 /* lstring.c */,
				7A7A461F1DA07BA5001429B7 /* lstring.h */,
				7A7A46201DA07BA5001429B7 /* lstrlib.c */,
				7A7A46211DA07BA5001429B7 /* ltable.c */,
				7A7A46221DA07BA5001429B7 /* ltable.h */,
				7A7A46231DA07BA5001429B7 /* ltablib.c */,
				7A7A46241DA07BA5001429B7 /* ltm.c */,
				7A7A46251DA07BA5001429B7 /* ltm.h */,
				7A7A46261DA07BA5001429B7 /* lua.h */,
				7A7A46271DA07BA5001429B7 /* luaconf.h */,
				7A7A46281DA07BA5001429B7 /* lualib.h */,
				7A7A46291DA07BA5001429B7 /* lundump.c */,
				7A7A462A1DA07BA5001429B7 /* lundump.h */,
				7A7A462B1DA07BA5001429B7 /* lvm.c */,
				7A7A462C1DA07BA5001429B7 /* lvm.h */,
				7A7A462D1DA07BA5001429B7 /* lzio.c */,
				7A7A462E1DA07BA5001429B7 /* lzio.h */,
				7A7A462F1DA07BA5001429B7 /* print.c */,
			);
			path = src;
			sourceTree = "<group>";
		};
		7A7A46301DA07BA5001429B7 /* Mac */ = {
			isa = PBXGroup;
			children = (
				7A7A46311DA07BA5001429B7 /* AssetPipeline-Bridging-Header.h */,
				7A7A46381DA07BA5001429B7 /* IPCConnectionDelegate.h */,
				7A7A46361DA07BA5001429B7 /* IPCConnection.h */,
				7A7A46371DA07BA5001429B7 /* IPCConnection.mm */,
				7A7A46391DA07BA5001429B7 /* ProjectDBConnWrapper.h */,
				7A7A463A1DA07BA5001429B7 /* ProjectDBConnWrapper.mm */,
				7A7A46321DA07BA5001429B7 /* AssetPipelineMacDelegate.h */,
				7A7A46331DA07BA5001429B7 /* AssetPipelineWrapper.h */,
				7A7A46341DA07BA5001429B7 /* AssetPipelineWrapper.mm */,
				7A7A46351DA07BA5001429B7 /* IPCActions.swift */,
			);
			path = Mac;
			sourceTree = "<group>";
		};
		7A7A463B1DA07BA5001429B7 /* Os */ = {
			isa = PBXGroup;
			children = (
				7A7A463C1DA07BA5001429B7 /* FileSystemWatcher.h */,
				7A7A463D1DA07BA5001429B7 /* FileSystemWatcher_Mac.cpp */,
				7A7A463F1DA07BA5001429B7 /* TcpSocket.h */,
				7A7A463E1DA07BA5001429B7 /* TcpSocket.cpp */,
			);
			path = Os;
			sourceTree = "<group>";
		};
		7A7A46401DA07BA5001429B7 /* Pipeline */ = {
			isa = PBXGroup;
			children = (
				7A7A464A1DA07BA5001429B7 /* ProjectDBConn.h */,
				7A7A46491DA07BA5001429B7 /* ProjectDBConn.cpp */,
				7A7A46421DA07BA5001429B7 /* AssetEventService.h */,
				7A7A46411DA07BA5001429B7 /* AssetEventService.cpp */,
				7A7A46441DA07BA5001429B7 /* AssetPipeline.h */,
				7A7A46431DA07BA5001429B7 /* AssetPipeline.cpp */,
				7A7A46451DA07BA5001429B7 /* AssetPipelineOsFuncs.h */,
				7A7A46461DA07BA5001429B7 /* AssetPipelineOsFuncs_Mac.mm */,
				7A7A46471DA07BA5001429B7 /* Process.h */,
				7A7A46481DA07BA5001429B7 /* Process_posix.cpp */,
				7A7A464C1DA07BA5001429B7 /* StrUtils.h */,
				7A7A464B1DA07BA5001429B7 /* StrUtils.cpp */,
			);
			path = Pipeline;
			sourceTree = "<group>";
		};
		7A7A464D1DA07BA5001429B7 /* sqlite3 */ = {
			isa = PBXGroup;
			children = (
				7A7A464E1DA07BA5001429B7 /* sqlite3.c */,
				7A7A464F1DA07BA5001429B7 /* sqlite3.h */,
				7A7A46501DA07BA5001429B7 /* sqlite3ext.h */,
			);
			path = sqlite3;
			sourceTree = "<group>";
		};
		7A7A46B31DA07BCA001429B7 /* MainApp */ = {
			isa = PBXGroup;
			children = (
				7A7A46B41DA07BCA001429B7 /* Mac */,
				7A7A46B91DA07BCA001429B7 /* Source */,
			);
			name = MainApp;
			path = ../MainApp;
			sourceTree = "<group>";
		};
		7A7A46B41DA07BCA001429B7 /* Mac */ = {
			isa = PBXGroup;
			children = (
				7A7A46B51DA07BCA001429B7 /* Assets.xcassets */,
				7A7A46B61DA07BCA001429B7 /* MainMenu.xib */,
				7A7A46B81DA07BCA001429B7 /* Info.plist */,
			);
			path = Mac;
			sourceTree = "<group>";
		};
		7A7A46B91DA07BCA001429B7 /* Source */ = {
			isa = PBXGroup;
			children = (
				7A7A46BA1DA07BCA001429B7 /* Mac */,
			);
			path = Source;
			sourceTree = "<group>";
		};
		7A7A46BA1DA07BCA001429B7 /* Mac */ = {
			isa = PBXGroup;
			children = (
				7A7A46BB1DA07BCA001429B7 /* AppDelegate.swift */,
			);
			path = Mac;
			sourceTree = "<group>";
		};
		7A7A46C01DA07BD4001429B7 /* Helper */ = {
			isa = PBXGroup;
			children = (
				7A7A46C11DA07BD4001429B7 /* Mac */,
				7A7A46C61DA07BD4001429B7 /* Source */,
			);
			name = Helper;
			path = ../Helper;
			sourceTree = "<group>";
		};
		7A7A46C11DA07BD4001429B7 /* Mac */ = {
			isa = PBXGroup;
			children = (
				7A7A46C21DA07BD4001429B7 /* Assets.xcassets */,
				7A7A46C31DA07BD4001429B7 /* MainMenu.xib */,
				7A7A46C51DA07BD4001429B7 /* Info.plist */,
			);
			path = Mac;
			sourceTree = "<group>";
		};
		7A7A46C61DA07BD4001429B7 /* Source */ = {
			isa = PBXGroup;
			children = (
				7A7A46C71DA07BD4001429B7 /* Mac */,
			);
			path = Source;
			sourceTree = "<group>";
		};
		7A7A46C71DA07BD4001429B7 /* Mac */ = {
			isa = PBXGroup;
			children = (
				7A7A46C91DA07BD4001429B7 /* ProjectsWindowController.swift */,
				7A7A46C81DA07BD4001429B7 /* HelperAppDelegate.swift */,
			);
			path = Mac;
			sourceTree = "<group>";
		};
		7A8D8A621D6D153800886730 /* Scripts */ = {
			isa = PBXGroup;
			children = (
				7A8D8A631D6D153800886730 /* buildsystem.lua */,
				7A8D8A641D6D153800886730 /* list.lua */,
			);
			name = Scripts;
			path = ../Scripts;
			sourceTree = "<group>";
		};
/* End PBXGroup section */

/* Begin PBXNativeTarget section */
		7A2484931D46D83C00C61397 /* Asset Pipeline */ = {
			isa = PBXNativeTarget;
			buildConfigurationList = 7A2484A11D46D83C00C61397 /* Build configuration list for PBXNativeTarget "Asset Pipeline" */;
			buildPhases = (
				7A2484901D46D83C00C61397 /* Sources */,
				7A2484911D46D83C00C61397 /* Frameworks */,
				7A2484921D46D83C00C61397 /* Resources */,
			);
			buildRules = (
			);
			dependencies = (
				7A4DFEB31D6BE51D00E858FE /* PBXTargetDependency */,
			);
			name = "Asset Pipeline";
			productName = "Asset Pipeline";
			productReference = 7A2484941D46D83C00C61397 /* Asset Pipeline.app */;
			productType = "com.apple.product-type.application";
		};
		7A4DFE7F1D6BE40A00E858FE /* Asset Pipeline Helper */ = {
			isa = PBXNativeTarget;
			buildConfigurationList = 7A4DFE901D6BE40A00E858FE /* Build configuration list for PBXNativeTarget "Asset Pipeline Helper" */;
			buildPhases = (
				7A4DFE7C1D6BE40A00E858FE /* Sources */,
				7A4DFE7D1D6BE40A00E858FE /* Frameworks */,
				7A4DFE7E1D6BE40A00E858FE /* Resources */,
			);
			buildRules = (
			);
			dependencies = (
			);
			name = "Asset Pipeline Helper";
			productName = "Asset Pipeline Helper";
			productReference = 7A4DFE801D6BE40A00E858FE /* Asset Pipeline Helper.app */;
			productType = "com.apple.product-type.application";
		};
/* End PBXNativeTarget section */

/* Begin PBXProject section */
		7A24848C1D46D83C00C61397 /* Project object */ = {
			isa = PBXProject;
			attributes = {
				LastSwiftUpdateCheck = 0730;
				LastUpgradeCheck = 0730;
				ORGANIZATIONNAME = "William Irwin-Harris";
				TargetAttributes = {
					7A2484931D46D83C00C61397 = {
						CreatedOnToolsVersion = 7.3.1;
						LastSwiftMigration = 0800;
					};
					7A4DFE7F1D6BE40A00E858FE = {
						CreatedOnToolsVersion = 7.3.1;
						LastSwiftMigration = 0800;
					};
				};
			};
			buildConfigurationList = 7A24848F1D46D83C00C61397 /* Build configuration list for PBXProject "Asset Pipeline" */;
			compatibilityVersion = "Xcode 3.2";
			developmentRegion = English;
			hasScannedForEncodings = 0;
			knownRegions = (
				en,
				Base,
			);
			mainGroup = 7A24848B1D46D83C00C61397;
			productRefGroup = 7A2484951D46D83C00C61397 /* Products */;
			projectDirPath = "";
			projectRoot = "";
			targets = (
				7A2484931D46D83C00C61397 /* Asset Pipeline */,
				7A4DFE7F1D6BE40A00E858FE /* Asset Pipeline Helper */,
			);
		};
/* End PBXProject section */

/* Begin PBXResourcesBuildPhase section */
		7A2484921D46D83C00C61397 /* Resources */ = {
			isa = PBXResourcesBuildPhase;
			buildActionMask = 2147483647;
			files = (
				7A8D8A651D6D154A00886730 /* buildsystem.lua in Resources */,
				7A8D8A661D6D154A00886730 /* list.lua in Resources */,
				7A4DFEB11D6BE51900E858FE /* Asset Pipeline Helper.app in Resources */,
				7A7A46BC1DA07BCA001429B7 /* Assets.xcassets in Resources */,
				7A7A46BD1DA07BCA001429B7 /* MainMenu.xib in Resources */,
			);
			runOnlyForDeploymentPostprocessing = 0;
		};
		7A4DFE7E1D6BE40A00E858FE /* Resources */ = {
			isa = PBXResourcesBuildPhase;
			buildActionMask = 2147483647;
			files = (
				7A7A465A1DA07BA5001429B7 /* README in Resources */,
				7A7A46581DA07BA5001429B7 /* INSTALL in Resources */,
				7A7A46541DA07BA5001429B7 /* COPYRIGHT in Resources */,
				7A7A46561DA07BA5001429B7 /* HISTORY in Resources */,
				7A7A46CA1DA07BD4001429B7 /* Assets.xcassets in Resources */,
				7A7A46CB1DA07BD4001429B7 /* MainMenu.xib in Resources */,
				7A7A46CC1DA07BD4001429B7 /* Info.plist in Resources */,
			);
			runOnlyForDeploymentPostprocessing = 0;
		};
/* End PBXResourcesBuildPhase section */

/* Begin PBXSourcesBuildPhase section */
		7A2484901D46D83C00C61397 /* Sources */ = {
			isa = PBXSourcesBuildPhase;
			buildActionMask = 2147483647;
			files = (
				7A7A46A71DA07BA5001429B7 /* AssetPipeline.cpp in Sources */,
				7A7A46751DA07BA5001429B7 /* llex.c in Sources */,
				7A7A466F1DA07BA5001429B7 /* lgc.c in Sources */,
				7A7A469B1DA07BA5001429B7 /* IPCActions.swift in Sources */,
				7A7A46891DA07BA5001429B7 /* lstrlib.c in Sources */,
				7A7A466B1DA07BA5001429B7 /* ldump.c in Sources */,
				7A7A46511DA07BA5001429B7 /* Debug_Mac.mm in Sources */,
				7A7A46971DA07BA5001429B7 /* print.c in Sources */,
				7A7A469F1DA07BA5001429B7 /* ProjectDBConnWrapper.mm in Sources */,
				7A7A46611DA07BA5001429B7 /* lbaselib.c in Sources */,
				7A7A46A11DA07BA5001429B7 /* FileSystemWatcher_Mac.cpp in Sources */,
				7A7A46831DA07BA5001429B7 /* lparser.c in Sources */,
				7A7A465D1DA07BA5001429B7 /* lapi.c in Sources */,
				7A7A46951DA07BA5001429B7 /* lzio.c in Sources */,
				7A7A467D1DA07BA5001429B7 /* lobject.c in Sources */,
				7A7A46631DA07BA5001429B7 /* lcode.c in Sources */,
				7A7A46671DA07BA5001429B7 /* ldebug.c in Sources */,
				7A7A46771DA07BA5001429B7 /* lmathlib.c in Sources */,
				7A7A46711DA07BA5001429B7 /* linit.c in Sources */,
				7A7A46B11DA07BA5001429B7 /* sqlite3.c in Sources */,
				7A7A46911DA07BA5001429B7 /* lundump.c in Sources */,
				7A7A468D1DA07BA5001429B7 /* ltablib.c in Sources */,
				7A7A46BF1DA07BCA001429B7 /* AppDelegate.swift in Sources */,
				7A7A468B1DA07BA5001429B7 /* ltable.c in Sources */,
				7A7A469D1DA07BA5001429B7 /* IPCConnection.mm in Sources */,
				7A7A46991DA07BA5001429B7 /* AssetPipelineWrapper.mm in Sources */,
				7A7A468F1DA07BA5001429B7 /* ltm.c in Sources */,
				7A7A46791DA07BA5001429B7 /* lmem.c in Sources */,
				7A7A46871DA07BA5001429B7 /* lstring.c in Sources */,
				7A7A467F1DA07BA5001429B7 /* lopcodes.c in Sources */,
				7A7A465B1DA07BA5001429B7 /* bit.c in Sources */,
				7A7A466D1DA07BA5001429B7 /* lfunc.c in Sources */,
				7A7A46A91DA07BA5001429B7 /* AssetPipelineOsFuncs_Mac.mm in Sources */,
				7A7A46851DA07BA5001429B7 /* lstate.c in Sources */,
				7A7A467B1DA07BA5001429B7 /* loadlib.c in Sources */,
				7A7A46731DA07BA5001429B7 /* liolib.c in Sources */,
				7A7A46A31DA07BA5001429B7 /* TcpSocket.cpp in Sources */,
				7A7A46691DA07BA5001429B7 /* ldo.c in Sources */,
				7A7A46A51DA07BA5001429B7 /* AssetEventService.cpp in Sources */,
				7A7A46811DA07BA5001429B7 /* loslib.c in Sources */,
				7A7A46AD1DA07BA5001429B7 /* ProjectDBConn.cpp in Sources */,
				7A7A46931DA07BA5001429B7 /* lvm.c in Sources */,
				7A7A465F1DA07BA5001429B7 /* lauxlib.c in Sources */,
				7A7A46651DA07BA5001429B7 /* ldblib.c in Sources */,
				7A7A46AB1DA07BA5001429B7 /* Process_posix.cpp in Sources */,
				7A7A46AF1DA07BA5001429B7 /* StrUtils.cpp in Sources */,
			);
			runOnlyForDeploymentPostprocessing = 0;
		};
		7A4DFE7C1D6BE40A00E858FE /* Sources */ = {
			isa = PBXSourcesBuildPhase;
			buildActionMask = 2147483647;
			files = (
				7A7A46A81DA07BA5001429B7 /* AssetPipeline.cpp in Sources */,
				7A7A46761DA07BA5001429B7 /* llex.c in Sources */,
				7A7A46701DA07BA5001429B7 /* lgc.c in Sources */,
				7A7A469C1DA07BA5001429B7 /* IPCActions.swift in Sources */,
				7A7A468A1DA07BA5001429B7 /* lstrlib.c in Sources */,
				7A7A466C1DA07BA5001429B7 /* ldump.c in Sources */,
				7A7A46521DA07BA5001429B7 /* Debug_Mac.mm in Sources */,
				7A7A46981DA07BA5001429B7 /* print.c in Sources */,
				7A7A46A01DA07BA5001429B7 /* ProjectDBConnWrapper.mm in Sources */,
				7A7A46621DA07BA5001429B7 /* lbaselib.c in Sources */,
				7A7A46A21DA07BA5001429B7 /* FileSystemWatcher_Mac.cpp in Sources */,
				7A7A46841DA07BA5001429B7 /* lparser.c in Sources */,
				7A7A465E1DA07BA5001429B7 /* lapi.c in Sources */,
				7A7A46961DA07BA5001429B7 /* lzio.c in Sources */,
				7A7A467E1DA07BA5001429B7 /* lobject.c in Sources */,
				7A7A46641DA07BA5001429B7 /* lcode.c in Sources */,
				7A7A46681DA07BA5001429B7 /* ldebug.c in Sources */,
				7A7A46781DA07BA5001429B7 /* lmathlib.c in Sources */,
				7A7A46721DA07BA5001429B7 /* linit.c in Sources */,
				7A7A46B21DA07BA5001429B7 /* sqlite3.c in Sources */,
				7A7A46921DA07BA5001429B7 /* lundump.c in Sources */,
				7A7A468E1DA07BA5001429B7 /* ltablib.c in Sources */,
				7A7A468C1DA07BA5001429B7 /* ltable.c in Sources */,
				7A7A469E1DA07BA5001429B7 /* IPCConnection.mm in Sources */,
				7A7A469A1DA07BA5001429B7 /* AssetPipelineWrapper.mm in Sources */,
				7A7A46901DA07BA5001429B7 /* ltm.c in Sources */,
				7A7A467A1DA07BA5001429B7 /* lmem.c in Sources */,
				7A7A46881DA07BA5001429B7 /* lstring.c in Sources */,
				7A7A46801DA07BA5001429B7 /* lopcodes.c in Sources */,
				7A7A465C1DA07BA5001429B7 /* bit.c in Sources */,
				7A7A466E1DA07BA5001429B7 /* lfunc.c in Sources */,
				7A7A46AA1DA07BA5001429B7 /* AssetPipelineOsFuncs_Mac.mm in Sources */,
				7A7A46861DA07BA5001429B7 /* lstate.c in Sources */,
				7A7A467C1DA07BA5001429B7 /* loadlib.c in Sources */,
				7A7A46741DA07BA5001429B7 /* liolib.c in Sources */,
				7A7A46A41DA07BA5001429B7 /* TcpSocket.cpp in Sources */,
				7A7A46CD1DA07BD4001429B7 /* HelperAppDelegate.swift in Sources */,
				7A7A46CE1DA07BD4001429B7 /* ProjectsWindowController.swift in Sources */,
				7A7A466A1DA07BA5001429B7 /* ldo.c in Sources */,
				7A7A46A61DA07BA5001429B7 /* AssetEventService.cpp in Sources */,
				7A7A46821DA07BA5001429B7 /* loslib.c in Sources */,
				7A7A46AE1DA07BA5001429B7 /* ProjectDBConn.cpp in Sources */,
				7A7A46941DA07BA5001429B7 /* lvm.c in Sources */,
				7A7A46601DA07BA5001429B7 /* lauxlib.c in Sources */,
				7A7A46661DA07BA5001429B7 /* ldblib.c in Sources */,
				7A7A46AC1DA07BA5001429B7 /* Process_posix.cpp in Sources */,
				7A7A46B01DA07BA5001429B7 /* StrUtils.cpp in Sources */,
			);
			runOnlyForDeploymentPostprocessing = 0;
		};
/* End PBXSourcesBuildPhase section */

/* Begin PBXTargetDependency section */
		7A4DFEB31D6BE51D00E858FE /* PBXTargetDependency */ = {
			isa = PBXTargetDependency;
			target = 7A4DFE7F1D6BE40A00E858FE /* Asset Pipeline Helper */;
			targetProxy = 7A4DFEB21D6BE51D00E858FE /* PBXContainerItemProxy */;
		};
/* End PBXTargetDependency section */

/* Begin PBXVariantGroup section */
		7A7A46B61DA07BCA001429B7 /* MainMenu.xib */ = {
			isa = PBXVariantGroup;
			children = (
				7A7A46B71DA07BCA001429B7 /* Base */,
			);
			name = MainMenu.xib;
			sourceTree = "<group>";
		};
		7A7A46C31DA07BD4001429B7 /* MainMenu.xib */ = {
			isa = PBXVariantGroup;
			children = (
				7A7A46C41DA07BD4001429B7 /* Base */,
			);
			name = MainMenu.xib;
			sourceTree = "<group>";
		};
/* End PBXVariantGroup section */

/* Begin XCBuildConfiguration section */
		7A24849F1D46D83C00C61397 /* Debug */ = {
			isa = XCBuildConfiguration;
			buildSettings = {
				ALWAYS_SEARCH_USER_PATHS = NO;
				CLANG_ANALYZER_NONNULL = YES;
				CLANG_CXX_LANGUAGE_STANDARD = "gnu++0x";
				CLANG_CXX_LIBRARY = "libc++";
				CLANG_ENABLE_MODULES = YES;
				CLANG_ENABLE_OBJC_ARC = YES;
				CLANG_WARN_BOOL_CONVERSION = YES;
				CLANG_WARN_CONSTANT_CONVERSION = YES;
				CLANG_WARN_DIRECT_OBJC_ISA_USAGE = YES_ERROR;
				CLANG_WARN_EMPTY_BODY = YES;
				CLANG_WARN_ENUM_CONVERSION = YES;
				CLANG_WARN_INT_CONVERSION = YES;
				CLANG_WARN_OBJC_ROOT_CLASS = YES_ERROR;
				CLANG_WARN_UNREACHABLE_CODE = YES;
				CLANG_WARN__DUPLICATE_METHOD_MATCH = YES;
				CODE_SIGN_IDENTITY = "-";
				COPY_PHASE_STRIP = NO;
				DEBUG_INFORMATION_FORMAT = dwarf;
				ENABLE_STRICT_OBJC_MSGSEND = YES;
				ENABLE_TESTABILITY = YES;
				GCC_C_LANGUAGE_STANDARD = gnu99;
				GCC_DYNAMIC_NO_PIC = NO;
				GCC_NO_COMMON_BLOCKS = YES;
				GCC_OPTIMIZATION_LEVEL = 0;
				GCC_PREPROCESSOR_DEFINITIONS = (
					"DEBUG=1",
					"$(inherited)",
				);
				GCC_WARN_64_TO_32_BIT_CONVERSION = YES;
				GCC_WARN_ABOUT_RETURN_TYPE = YES_ERROR;
				GCC_WARN_UNDECLARED_SELECTOR = YES;
				GCC_WARN_UNINITIALIZED_AUTOS = YES_AGGRESSIVE;
				GCC_WARN_UNUSED_FUNCTION = YES;
				GCC_WARN_UNUSED_VARIABLE = YES;
				HEADER_SEARCH_PATHS = (
					"$(SRCROOT)/../Common/Source/lua/etc",
					"$(SRCROOT)/../Common/Source/lua/src",
					"$(SRCROOT)/../Common/Source",
					"$(SRCROOT)/../MainApp/Source",
					"$(SRCROOT)/../Helper/Source",
				);
				MACOSX_DEPLOYMENT_TARGET = 10.11;
				MTL_ENABLE_DEBUG_INFO = YES;
				ONLY_ACTIVE_ARCH = YES;
				SDKROOT = macosx;
				SWIFT_OBJC_BRIDGING_HEADER = "$(SRCROOT)/../Common/Source/Mac/AssetPipeline-Bridging-Header.h";
				SWIFT_OPTIMIZATION_LEVEL = "-Onone";
				USER_HEADER_SEARCH_PATHS = "$(SRCROOT)/Source";
			};
			name = Debug;
		};
		7A2484A01D46D83C00C61397 /* Release */ = {
			isa = XCBuildConfiguration;
			buildSettings = {
				ALWAYS_SEARCH_USER_PATHS = NO;
				CLANG_ANALYZER_NONNULL = YES;
				CLANG_CXX_LANGUAGE_STANDARD = "gnu++0x";
				CLANG_CXX_LIBRARY = "libc++";
				CLANG_ENABLE_MODULES = YES;
				CLANG_ENABLE_OBJC_ARC = YES;
				CLANG_WARN_BOOL_CONVERSION = YES;
				CLANG_WARN_CONSTANT_CONVERSION = YES;
				CLANG_WARN_DIRECT_OBJC_ISA_USAGE = YES_ERROR;
				CLANG_WARN_EMPTY_BODY = YES;
				CLANG_WARN_ENUM_CONVERSION = YES;
				CLANG_WARN_INT_CONVERSION = YES;
				CLANG_WARN_OBJC_ROOT_CLASS = YES_ERROR;
				CLANG_WARN_UNREACHABLE_CODE = YES;
				CLANG_WARN__DUPLICATE_METHOD_MATCH = YES;
				CODE_SIGN_IDENTITY = "-";
				COPY_PHASE_STRIP = NO;
				DEBUG_INFORMATION_FORMAT = "dwarf-with-dsym";
				ENABLE_NS_ASSERTIONS = NO;
				ENABLE_STRICT_OBJC_MSGSEND = YES;
				GCC_C_LANGUAGE_STANDARD = gnu99;
				GCC_NO_COMMON_BLOCKS = YES;
				GCC_WARN_64_TO_32_BIT_CONVERSION = YES;
				GCC_WARN_ABOUT_RETURN_TYPE = YES_ERROR;
				GCC_WARN_UNDECLARED_SELECTOR = YES;
				GCC_WARN_UNINITIALIZED_AUTOS = YES_AGGRESSIVE;
				GCC_WARN_UNUSED_FUNCTION = YES;
				GCC_WARN_UNUSED_VARIABLE = YES;
				HEADER_SEARCH_PATHS = (
					"$(SRCROOT)/../Common/Source/lua/etc",
					"$(SRCROOT)/../Common/Source/lua/src",
					"$(SRCROOT)/../Common/Source",
					"$(SRCROOT)/../MainApp/Source",
					"$(SRCROOT)/../Helper/Source",
				);
				MACOSX_DEPLOYMENT_TARGET = 10.11;
				MTL_ENABLE_DEBUG_INFO = NO;
				SDKROOT = macosx;
				SWIFT_OBJC_BRIDGING_HEADER = "$(SRCROOT)/../Common/Source/Mac/AssetPipeline-Bridging-Header.h";
				USER_HEADER_SEARCH_PATHS = "$(SRCROOT)/Source";
			};
			name = Release;
		};
		7A2484A21D46D83C00C61397 /* Debug */ = {
			isa = XCBuildConfiguration;
			buildSettings = {
				ASSETCATALOG_COMPILER_APPICON_NAME = AppIcon;
				COMBINE_HIDPI_IMAGES = YES;
				INFOPLIST_FILE = ../MainApp/Mac/Info.plist;
				LD_RUNPATH_SEARCH_PATHS = "$(inherited) @executable_path/../Frameworks";
				PRODUCT_BUNDLE_IDENTIFIER = "mycompany.Asset-Pipeline";
				PRODUCT_NAME = "$(TARGET_NAME)";
				SWIFT_VERSION = 3.0;
			};
			name = Debug;
		};
		7A2484A31D46D83C00C61397 /* Release */ = {
			isa = XCBuildConfiguration;
			buildSettings = {
				ASSETCATALOG_COMPILER_APPICON_NAME = AppIcon;
				COMBINE_HIDPI_IMAGES = YES;
				INFOPLIST_FILE = ../MainApp/Mac/Info.plist;
				LD_RUNPATH_SEARCH_PATHS = "$(inherited) @executable_path/../Frameworks";
				PRODUCT_BUNDLE_IDENTIFIER = "mycompany.Asset-Pipeline";
				PRODUCT_NAME = "$(TARGET_NAME)";
				SWIFT_VERSION = 3.0;
			};
			name = Release;
		};
		7A4DFE8E1D6BE40A00E858FE /* Debug */ = {
			isa = XCBuildConfiguration;
			buildSettings = {
				ASSETCATALOG_COMPILER_APPICON_NAME = AppIcon;
				CLANG_ENABLE_MODULES = YES;
				COMBINE_HIDPI_IMAGES = YES;
				INFOPLIST_FILE = ../Helper/Mac/Info.plist;
				LD_RUNPATH_SEARCH_PATHS = "$(inherited) @executable_path/../Frameworks";
				PRODUCT_BUNDLE_IDENTIFIER = "mycompany.Asset-Pipeline-Helper";
				PRODUCT_NAME = "$(TARGET_NAME)";
				SWIFT_OPTIMIZATION_LEVEL = "-Onone";
				SWIFT_VERSION = 3.0;
			};
			name = Debug;
		};
		7A4DFE8F1D6BE40A00E858FE /* Release */ = {
			isa = XCBuildConfiguration;
			buildSettings = {
				ASSETCATALOG_COMPILER_APPICON_NAME = AppIcon;
				CLANG_ENABLE_MODULES = YES;
				COMBINE_HIDPI_IMAGES = YES;
				INFOPLIST_FILE = ../Helper/Mac/Info.plist;
				LD_RUNPATH_SEARCH_PATHS = "$(inherited) @executable_path/../Frameworks";
				PRODUCT_BUNDLE_IDENTIFIER = "mycompany.Asset-Pipeline-Helper";
				PRODUCT_NAME = "$(TARGET_NAME)";
				SWIFT_VERSION = 3.0;
			};
			name = Release;
		};
/* End XCBuildConfiguration section */

/* Begin XCConfigurationList section */
		7A24848F1D46D83C00C61397 /* Build configuration list for PBXProject "Asset Pipeline" */ = {
			isa = XCConfigurationList;
			buildConfigurations = (
				7A24849F1D46D83C00C61397 /* Debug */,
				7A2484A01D46D83C00C61397 /* Release */,
			);
			defaultConfigurationIsVisible = 0;
			defaultConfigurationName = Release;
		};
		7A2484A11D46D83C00C61397 /* Build configuration list for PBXNativeTarget "Asset Pipeline" */ = {
			isa = XCConfigurationList;
			buildConfigurations = (
				7A2484A21D46D83C00C61397 /* Debug */,
				7A2484A31D46D83C00C61397 /* Release */,
			);
			defaultConfigurationIsVisible = 0;
			defaultConfigurationName = Release;
		};
		7A4DFE901D6BE40A00E858FE /* Build configuration list for PBXNativeTarget "Asset Pipeline Helper" */ = {
			isa = XCConfigurationList;
			buildConfigurations = (
				7A4DFE8E1D6BE40A00E858FE /* Debug */,
				7A4DFE8F1D6BE40A00E858FE /* Release */,
			);
			defaultConfigurationIsVisible = 0;
			defaultConfigurationName = Release;
		};
/* End XCConfigurationList section */
	};
	rootObject = 7A24848C1D46D83C00C61397 /* Project object */;
}
